
Microsoft Visual Studio Solution File, Format Version 12.00
# Visual Studio Version 16
VisualStudioVersion = 16.0.30804.86
MinimumVisualStudioVersion = 10.0.40219.1
Project("{8BC9CEB8-8B4A-11D0-8D11-00A0C91BC942}") = "2992", "BaekJoon\BaekJoon.vcxproj", "{B4069CD2-FA3A-412D-AEEA-968086C731B9}"
EndProject
Project("{8BC9CEB8-8B4A-11D0-8D11-00A0C91BC942}") = "1182", "1182\1182.vcxproj", "{A6F88A11-2B46-4B4B-8D7D-DF935213277C}"
EndProject
Project("{8BC9CEB8-8B4A-11D0-8D11-00A0C91BC942}") = "1051", "1051\1051.vcxproj", "{B5B45A26-CDC3-4455-9FC7-1D6E8FD9AD10}"
EndProject
Project("{8BC9CEB8-8B4A-11D0-8D11-00A0C91BC942}") = "10819", "10819\10819.vcxproj", "{70D35F33-FCB8-43FF-9DB7-A7AD4E5620A5}"
EndProject
Project("{8BC9CEB8-8B4A-11D0-8D11-00A0C91BC942}") = "15624", "15624\15624.vcxproj", "{88AA45F0-508A-4354-A87C-7A6AB7E3DCD5}"
EndProject
Project("{8BC9CEB8-8B4A-11D0-8D11-00A0C91BC942}") = "14916", "14916\14916.vcxproj", "{9204EA5B-FA02-4E24-84CB-53F49E1BC5F3}"
EndProject
Project("{8BC9CEB8-8B4A-11D0-8D11-00A0C91BC942}") = "1463", "1463\1463.vcxproj", "{1C14344B-0B9E-4901-B555-80C68C63DE2F}"
EndProject
Project("{8BC9CEB8-8B4A-11D0-8D11-00A0C91BC942}") = "2579", "2579\2579.vcxproj", "{C8EC1348-A87D-4599-BF7F-75FE4C922168}"
EndProject
Project("{8BC9CEB8-8B4A-11D0-8D11-00A0C91BC942}") = "11726", "11726\11726.vcxproj", "{E0BABFCE-6759-4C82-B526-74A25BE21C43}"
EndProject
Project("{8BC9CEB8-8B4A-11D0-8D11-00A0C91BC942}") = "1912", "1912\1912.vcxproj", "{FA031584-5D84-4CD1-8FA9-5F2E81BB1960}"
EndProject
Project("{8BC9CEB8-8B4A-11D0-8D11-00A0C91BC942}") = "2225", "2225\2225.vcxproj", "{D81A38A2-EF85-4726-B46A-4B347B127699}"
EndProject
Project("{8BC9CEB8-8B4A-11D0-8D11-00A0C91BC942}") = "14593", "14593\14593.vcxproj", "{25DF1D00-CA66-4831-9173-4E78B2DE1843}"
EndProject
Project("{8BC9CEB8-8B4A-11D0-8D11-00A0C91BC942}") = "9095", "9095\9095.vcxproj", "{00CC6968-797E-4935-9212-56F25AF5643C}"
EndProject
Project("{8BC9CEB8-8B4A-11D0-8D11-00A0C91BC942}") = "9655", "9655\9655.vcxproj", "{25BD6E8F-59DB-4078-83D8-C986A3BB41CB}"
EndProject
Project("{8BC9CEB8-8B4A-11D0-8D11-00A0C91BC942}") = "11053", "11053\11053.vcxproj", "{3208EE72-8AAC-494C-9A57-6A0698F14A7B}"
EndProject
Project("{8BC9CEB8-8B4A-11D0-8D11-00A0C91BC942}") = "9251", "9251\9251.vcxproj", "{D3E33870-8968-45FC-9020-A7E2BAC96901}"
EndProject
Project("{8BC9CEB8-8B4A-11D0-8D11-00A0C91BC942}") = "12865", "12865\12865.vcxproj", "{FD4DC8EB-D422-45CF-8DE8-39FF071B9C83}"
EndProject
Project("{8BC9CEB8-8B4A-11D0-8D11-00A0C91BC942}") = "17070", "17070\17070.vcxproj", "{79DC403C-4AEF-403B-A880-ACA499BF3428}"
EndProject
Project("{8BC9CEB8-8B4A-11D0-8D11-00A0C91BC942}") = "9461", "9461\9461.vcxproj", "{0E2D4794-BA58-4566-9F37-9B7A56B772BA}"
EndProject
Project("{8BC9CEB8-8B4A-11D0-8D11-00A0C91BC942}") = "2688", "2688\2688.vcxproj", "{3949D5B4-A18C-4EF3-89DF-2BA9188888C6}"
EndProject
Project("{8BC9CEB8-8B4A-11D0-8D11-00A0C91BC942}") = "13398", "13398\13398.vcxproj", "{F8085DBD-F5C7-4EF7-B275-46C640616BD8}"
EndProject
Project("{8BC9CEB8-8B4A-11D0-8D11-00A0C91BC942}") = "17404", "17404\17404.vcxproj", "{B1577C92-8CC2-4E23-A804-F73B1B0F4239}"
EndProject
Project("{8BC9CEB8-8B4A-11D0-8D11-00A0C91BC942}") = "2947", "2947\2947.vcxproj", "{60BF330C-416F-49D0-B98D-11D4D7FD71B3}"
EndProject
Project("{8BC9CEB8-8B4A-11D0-8D11-00A0C91BC942}") = "1063", "1063\1063.vcxproj", "{1804EF31-FC55-4B1E-A294-CCF1CBB76212}"
EndProject
Project("{8BC9CEB8-8B4A-11D0-8D11-00A0C91BC942}") = "20057", "20057\20057.vcxproj", "{4AF92E16-86FF-40C7-A07F-EDD4756B1812}"
EndProject
Project("{8BC9CEB8-8B4A-11D0-8D11-00A0C91BC942}") = "20055", "20055\20055.vcxproj", "{8286518C-BC68-49F5-867B-8FBC8DCBE7DE}"
EndProject
Project("{8BC9CEB8-8B4A-11D0-8D11-00A0C91BC942}") = "1010", "1010\1010.vcxproj", "{C1DA5EDD-6F94-4DDC-A846-81462D63C21A}"
EndProject
Project("{8BC9CEB8-8B4A-11D0-8D11-00A0C91BC942}") = "1018", "1018\1018.vcxproj", "{AAF21A69-F371-4931-A908-C4AFA144F02B}"
EndProject
Project("{8BC9CEB8-8B4A-11D0-8D11-00A0C91BC942}") = "1037", "1037\1037.vcxproj", "{EB333C72-ECB2-4CFB-AB2C-0E9DF04E122D}"
EndProject
Project("{8BC9CEB8-8B4A-11D0-8D11-00A0C91BC942}") = "2018", "2018\2018.vcxproj", "{0ACD5BB2-9654-4EEA-91E8-C46382C5FA6E}"
EndProject
Project("{8BC9CEB8-8B4A-11D0-8D11-00A0C91BC942}") = "2003", "2003\2003.vcxproj", "{96120B48-AFE1-4349-960D-BD6F0FEDEA1F}"
EndProject
Project("{8BC9CEB8-8B4A-11D0-8D11-00A0C91BC942}") = "2559", "2559\2559.vcxproj", "{0E01BA4E-15E6-4D98-9EE5-50BDD238D1BC}"
EndProject
Project("{8BC9CEB8-8B4A-11D0-8D11-00A0C91BC942}") = "1806", "1806\1806.vcxproj", "{F0142CDE-64B2-4061-B5B7-CB25BF56E58C}"
EndProject
Project("{8BC9CEB8-8B4A-11D0-8D11-00A0C91BC942}") = "1644", "1644\1644.vcxproj", "{1EC36BEB-1D94-4700-9619-5F23ED2B0134}"
EndProject
Project("{8BC9CEB8-8B4A-11D0-8D11-00A0C91BC942}") = "1620", "1620\1620.vcxproj", "{B91EDBA2-325E-4E42-A300-02CAED5D959B}"
EndProject
Project("{8BC9CEB8-8B4A-11D0-8D11-00A0C91BC942}") = "9375", "9375\9375.vcxproj", "{B02208B8-DC4F-4563-8459-1D1CAB2014A4}"
EndProject
Project("{8BC9CEB8-8B4A-11D0-8D11-00A0C91BC942}") = "1351", "1351\1351.vcxproj", "{37A2F3FF-9C20-4734-A14D-18FF4285994C}"
EndProject
Project("{8BC9CEB8-8B4A-11D0-8D11-00A0C91BC942}") = "1302", "1302\1302.vcxproj", "{3DADC93C-C0D7-4F40-94B5-4F6A52DF08D7}"
EndProject
Project("{8BC9CEB8-8B4A-11D0-8D11-00A0C91BC942}") = "13414", "13414\13414.vcxproj", "{D8C335AC-51E7-44A4-916A-8258A41EA206}"
EndProject
Project("{8BC9CEB8-8B4A-11D0-8D11-00A0C91BC942}") = "1059", "1059\1059.vcxproj", "{DC0341BD-5575-400B-8E4F-1B8940F53FA9}"
EndProject
Project("{8BC9CEB8-8B4A-11D0-8D11-00A0C91BC942}") = "1269", "1269\1269.vcxproj", "{7B932926-9D6F-4DB7-97E2-E129A8638F38}"
EndProject
Project("{8BC9CEB8-8B4A-11D0-8D11-00A0C91BC942}") = "17479", "1747\1747.vcxproj", "{960CDE10-084F-4C37-BD6B-865B1DDA141A}"
EndProject
Project("{8BC9CEB8-8B4A-11D0-8D11-00A0C91BC942}") = "5568", "5568\5568.vcxproj", "{DCAD0AC5-CC30-4CC8-B960-0004B270683A}"
EndProject
Project("{8BC9CEB8-8B4A-11D0-8D11-00A0C91BC942}") = "1654", "1654\1654.vcxproj", "{74F5F28E-66CB-4327-B5D0-689ED3BBB9C4}"
EndProject
Project("{8BC9CEB8-8B4A-11D0-8D11-00A0C91BC942}") = "2805", "2805\2805.vcxproj", "{DD0E9361-56F3-4057-A951-77F9AD9F8DB5}"
EndProject
Project("{8BC9CEB8-8B4A-11D0-8D11-00A0C91BC942}") = "2110", "2110\2110.vcxproj", "{365FFAA2-D05F-42EF-8D54-07286CE1899B}"
EndProject
Project("{8BC9CEB8-8B4A-11D0-8D11-00A0C91BC942}") = "2343", "2343\2343.vcxproj", "{36F5F076-7E7C-4258-B1F1-7E0B1922FCEB}"
EndProject
Project("{8BC9CEB8-8B4A-11D0-8D11-00A0C91BC942}") = "17266", "17266\17266.vcxproj", "{458EE1ED-6189-4972-A69D-C088CBBFB3B6}"
EndProject
Project("{8BC9CEB8-8B4A-11D0-8D11-00A0C91BC942}") = "6236", "6236\6236.vcxproj", "{42E3D51F-8CA3-4915-8571-EE2224B73D50}"
EndProject
Project("{8BC9CEB8-8B4A-11D0-8D11-00A0C91BC942}") = "10816", "10816\10816.vcxproj", "{96961919-8C84-410A-9BF7-D47840586C59}"
EndProject
Project("{8BC9CEB8-8B4A-11D0-8D11-00A0C91BC942}") = "16401", "16401\16401.vcxproj", "{3B327C15-697F-4B20-9088-7D3D50301190}"
EndProject
Project("{8BC9CEB8-8B4A-11D0-8D11-00A0C91BC942}") = "13702", "13702\13702.vcxproj", "{008A3B31-AEC3-4A8D-BF90-E93E187C4629}"
EndProject
Project("{8BC9CEB8-8B4A-11D0-8D11-00A0C91BC942}") = "1300", "1300\1300.vcxproj", "{61F189A6-AAD7-496A-A446-FFAC677C9F3B}"
EndProject
Project("{8BC9CEB8-8B4A-11D0-8D11-00A0C91BC942}") = "10828", "10828\10828.vcxproj", "{3B7FFEAE-DD1B-44E5-80A1-19EF160AB15D}"
EndProject
Project("{8BC9CEB8-8B4A-11D0-8D11-00A0C91BC942}") = "9012", "9012\9012.vcxproj", "{9AD30B8A-A987-4E45-88EF-74C6F1412B92}"
EndProject
Project("{8BC9CEB8-8B4A-11D0-8D11-00A0C91BC942}") = "1874", "1874\1874.vcxproj", "{59962DAE-E886-4B7A-89D5-E782CC1E3126}"
EndProject
Project("{8BC9CEB8-8B4A-11D0-8D11-00A0C91BC942}") = "1406", "1406\1406.vcxproj", "{510425E5-56A2-4DE6-BA90-E28C00B6ECA0}"
EndProject
Project("{8BC9CEB8-8B4A-11D0-8D11-00A0C91BC942}") = "4949", "4949\4949.vcxproj", "{9953C44C-426F-4DDC-870B-1A4EBD9E56F4}"
EndProject
Project("{8BC9CEB8-8B4A-11D0-8D11-00A0C91BC942}") = "10773", "10773\10773.vcxproj", "{B4D55800-702B-4EAC-99FC-B56B4C0723FD}"
EndProject
Project("{8BC9CEB8-8B4A-11D0-8D11-00A0C91BC942}") = "3986", "3986\3986.vcxproj", "{5CF41E8F-DE9C-402E-B0FF-0F482C3E252F}"
EndProject
Project("{8BC9CEB8-8B4A-11D0-8D11-00A0C91BC942}") = "1935", "1935\1935.vcxproj", "{F7C89F68-C7C7-47E0-8105-13971C905316}"
EndProject
Project("{8BC9CEB8-8B4A-11D0-8D11-00A0C91BC942}") = "2841", "2841\2841.vcxproj", "{7F12C9F6-32D7-43ED-96A6-6557B78E797D}"
EndProject
Project("{8BC9CEB8-8B4A-11D0-8D11-00A0C91BC942}") = "15651", "15651\15651.vcxproj", "{A48F7DFF-B30A-4B19-9686-030511D85732}"
EndProject
Project("{8BC9CEB8-8B4A-11D0-8D11-00A0C91BC942}") = "1966", "1966\1966.vcxproj", "{BEA48F3D-8275-4BD2-8918-E5942D9E29C8}"
EndProject
Project("{8BC9CEB8-8B4A-11D0-8D11-00A0C91BC942}") = "15652", "15652\15652.vcxproj", "{27694C70-E441-4973-A416-C3F5519AD6FE}"
EndProject
Project("{8BC9CEB8-8B4A-11D0-8D11-00A0C91BC942}") = "1213", "1313\1313.vcxproj", "{504A2E3A-817B-4AA1-B1C6-A0E4331CC85F}"
EndProject
Project("{8BC9CEB8-8B4A-11D0-8D11-00A0C91BC942}") = "10845", "10845\10845.vcxproj", "{289EBF9F-9458-4DA6-8AD8-A9F9DC92DE72}"
EndProject
Project("{8BC9CEB8-8B4A-11D0-8D11-00A0C91BC942}") = "10866", "deque\deque.vcxproj", "{A8E8B1F2-622F-4588-B290-BF42DF4442E0}"
EndProject
Project("{8BC9CEB8-8B4A-11D0-8D11-00A0C91BC942}") = "1158", "1158\1158.vcxproj", "{C0D16A8C-C832-4BED-AC55-10B781567DB4}"
EndProject
Project("{8BC9CEB8-8B4A-11D0-8D11-00A0C91BC942}") = "2346", "2346\2346.vcxproj", "{12F89E93-4B5C-40B0-B123-44143781C316}"
EndProject
Project("{8BC9CEB8-8B4A-11D0-8D11-00A0C91BC942}") = "5430", "5430\5430.vcxproj", "{3935750A-B108-47E9-92FF-7B530F055DF4}"
EndProject
Project("{8BC9CEB8-8B4A-11D0-8D11-00A0C91BC942}") = "2164", "2164\2164.vcxproj", "{61FBB308-F9B2-4442-99FF-44D546D99824}"
EndProject
Project("{8BC9CEB8-8B4A-11D0-8D11-00A0C91BC942}") = "1972", "1972\1972.vcxproj", "{908C8833-991C-4967-8D47-839934822790}"
EndProject
Project("{8BC9CEB8-8B4A-11D0-8D11-00A0C91BC942}") = "11286", "11286\11286.vcxproj", "{3D4A482C-B914-45FC-A82D-D49217D0FE95}"
EndProject
Project("{8BC9CEB8-8B4A-11D0-8D11-00A0C91BC942}") = "13975", "13975\13975.vcxproj", "{557183A9-D6F0-4557-BBA2-829E18DEBB2C}"
EndProject
Project("{8BC9CEB8-8B4A-11D0-8D11-00A0C91BC942}") = "11866", "11866\11866.vcxproj", "{EB715850-284B-46BC-ACD1-19AB00C917F3}"
EndProject
Project("{8BC9CEB8-8B4A-11D0-8D11-00A0C91BC942}") = "1374", "1374\1374.vcxproj", "{FEBB4033-4A81-4AAB-8C9C-B4F4DCD6FF9A}"
EndProject
Project("{8BC9CEB8-8B4A-11D0-8D11-00A0C91BC942}") = "7662", "7662\7662.vcxproj", "{B19C1016-7F48-4868-8616-67A6A6D683DE}"
EndProject
Project("{8BC9CEB8-8B4A-11D0-8D11-00A0C91BC942}") = "11000", "11000\11000.vcxproj", "{20CD8C9C-25DF-4355-B08A-006DD6B3AF1F}"
EndProject
Project("{8BC9CEB8-8B4A-11D0-8D11-00A0C91BC942}") = "2075", "2075\2075.vcxproj", "{F7105A1C-F465-497D-8F78-D588A7E2276F}"
EndProject
Project("{8BC9CEB8-8B4A-11D0-8D11-00A0C91BC942}") = "1260", "1260\1260.vcxproj", "{CBB1DED9-56E1-4CEA-A81B-967827ACFD4A}"
EndProject
Project("{8BC9CEB8-8B4A-11D0-8D11-00A0C91BC942}") = "1012", "1012\1012.vcxproj", "{10A0EC6B-6CDE-492A-A44E-70040DF8EA0C}"
EndProject
Project("{8BC9CEB8-8B4A-11D0-8D11-00A0C91BC942}") = "2468", "2468\2468.vcxproj", "{D745058F-BF93-4D7C-96AD-8D21BA437910}"
EndProject
Project("{8BC9CEB8-8B4A-11D0-8D11-00A0C91BC942}") = "7562", "7562\7562.vcxproj", "{5C765BB8-C3E6-460F-8491-3CCA65727CF0}"
EndProject
Project("{8BC9CEB8-8B4A-11D0-8D11-00A0C91BC942}") = "2667", "2667\2667.vcxproj", "{53670F1A-39D7-45F3-8B88-A922E54B7A48}"
EndProject
Project("{8BC9CEB8-8B4A-11D0-8D11-00A0C91BC942}") = "11559", "11559\11559.vcxproj", "{7A4788F9-A9E9-42C5-AD95-3B60A3F6F1D4}"
EndProject
Project("{8BC9CEB8-8B4A-11D0-8D11-00A0C91BC942}") = "14502", "14502\14502.vcxproj", "{CF3246B7-00B9-49D9-86E2-B5998DBBA8A9}"
EndProject
Project("{8BC9CEB8-8B4A-11D0-8D11-00A0C91BC942}") = "16239", "16239\16239.vcxproj", "{CCF68FB9-6DFB-4043-A51B-067BE140E741}"
EndProject
Project("{8BC9CEB8-8B4A-11D0-8D11-00A0C91BC942}") = "2644", "2644\2644.vcxproj", "{813E89A1-FB20-4A97-9F62-BD2594C95990}"
EndProject
Project("{8BC9CEB8-8B4A-11D0-8D11-00A0C91BC942}") = "4485", "4485\4485.vcxproj", "{24B65235-9858-4BDF-9F03-42F258562AAB}"
EndProject
Project("{8BC9CEB8-8B4A-11D0-8D11-00A0C91BC942}") = "자료구조_과제1", "자료구조_과제1\자료구조_과제1.vcxproj", "{D70FA04D-79A5-4FE7-86B4-DCE7846D8802}"
EndProject
Project("{8BC9CEB8-8B4A-11D0-8D11-00A0C91BC942}") = "자료구조_과제2", "자료구조_과제2\자료구조_과제2.vcxproj", "{811A3726-198B-433E-8759-0B4337F79962}"
EndProject
Project("{8BC9CEB8-8B4A-11D0-8D11-00A0C91BC942}") = "자료구조_과제4", "자료구조_과제_4\자료구조_과제_4.vcxproj", "{4FA563B9-2D37-4E84-9A76-6BC0363D7D87}"
EndProject
Project("{8BC9CEB8-8B4A-11D0-8D11-00A0C91BC942}") = "자료구조_과제5", "hw5\hw5.vcxproj", "{C29677D4-84E2-406F-97F9-0BA2A5E3C255}"
EndProject
Project("{8BC9CEB8-8B4A-11D0-8D11-00A0C91BC942}") = "자료구조_과제6", "자료구조_과제6\자료구조_과제6.vcxproj", "{F825D5DD-346B-4978-A15A-145FF594A7EB}"
EndProject
Project("{8BC9CEB8-8B4A-11D0-8D11-00A0C91BC942}") = "자료구조_과제7", "자료구조과제7\자료구조과제7.vcxproj", "{A4B7AAB7-E31A-4054-B1BB-7FEF5943DEFC}"
EndProject
Project("{8BC9CEB8-8B4A-11D0-8D11-00A0C91BC942}") = "자료구조_과제8", "자료구조_과제8\자료구조_과제8.vcxproj", "{36C048D4-EB08-4D35-8B6C-2830EBB2358E}"
EndProject
Project("{8BC9CEB8-8B4A-11D0-8D11-00A0C91BC942}") = "16917", "16917\16917.vcxproj", "{4E7A479F-A046-4A76-A3E5-630F0A75AE4A}"
EndProject
Project("{8BC9CEB8-8B4A-11D0-8D11-00A0C91BC942}") = "16922", "16922\16922.vcxproj", "{9A1F008B-5BD9-44C9-86E4-59405AFBA07B}"
EndProject
Project("{8BC9CEB8-8B4A-11D0-8D11-00A0C91BC942}") = "16924", "16924\16924.vcxproj", "{D5C03EBB-D4EB-4EFE-88F3-FB81A87260B5}"
EndProject
Project("{8BC9CEB8-8B4A-11D0-8D11-00A0C91BC942}") = "16936", "16936\16936.vcxproj", "{65197390-0A90-452B-B0BC-88C532F367DB}"
EndProject
Project("{8BC9CEB8-8B4A-11D0-8D11-00A0C91BC942}") = "16937", "16937\16937.vcxproj", "{BF4044A2-3208-4B5C-8213-DC876A3A12D6}"
EndProject
Global
	GlobalSection(SolutionConfigurationPlatforms) = preSolution
		Debug|x64 = Debug|x64
		Debug|x86 = Debug|x86
		Release|x64 = Release|x64
		Release|x86 = Release|x86
	EndGlobalSection
	GlobalSection(ProjectConfigurationPlatforms) = postSolution
		{B4069CD2-FA3A-412D-AEEA-968086C731B9}.Debug|x64.ActiveCfg = Debug|x64
		{B4069CD2-FA3A-412D-AEEA-968086C731B9}.Debug|x64.Build.0 = Debug|x64
		{B4069CD2-FA3A-412D-AEEA-968086C731B9}.Debug|x86.ActiveCfg = Debug|Win32
		{B4069CD2-FA3A-412D-AEEA-968086C731B9}.Debug|x86.Build.0 = Debug|Win32
		{B4069CD2-FA3A-412D-AEEA-968086C731B9}.Release|x64.ActiveCfg = Release|x64
		{B4069CD2-FA3A-412D-AEEA-968086C731B9}.Release|x64.Build.0 = Release|x64
		{B4069CD2-FA3A-412D-AEEA-968086C731B9}.Release|x86.ActiveCfg = Release|Win32
		{B4069CD2-FA3A-412D-AEEA-968086C731B9}.Release|x86.Build.0 = Release|Win32
		{A6F88A11-2B46-4B4B-8D7D-DF935213277C}.Debug|x64.ActiveCfg = Debug|x64
		{A6F88A11-2B46-4B4B-8D7D-DF935213277C}.Debug|x64.Build.0 = Debug|x64
		{A6F88A11-2B46-4B4B-8D7D-DF935213277C}.Debug|x86.ActiveCfg = Debug|Win32
		{A6F88A11-2B46-4B4B-8D7D-DF935213277C}.Debug|x86.Build.0 = Debug|Win32
		{A6F88A11-2B46-4B4B-8D7D-DF935213277C}.Release|x64.ActiveCfg = Release|x64
		{A6F88A11-2B46-4B4B-8D7D-DF935213277C}.Release|x64.Build.0 = Release|x64
		{A6F88A11-2B46-4B4B-8D7D-DF935213277C}.Release|x86.ActiveCfg = Release|Win32
		{A6F88A11-2B46-4B4B-8D7D-DF935213277C}.Release|x86.Build.0 = Release|Win32
		{B5B45A26-CDC3-4455-9FC7-1D6E8FD9AD10}.Debug|x64.ActiveCfg = Debug|x64
		{B5B45A26-CDC3-4455-9FC7-1D6E8FD9AD10}.Debug|x64.Build.0 = Debug|x64
		{B5B45A26-CDC3-4455-9FC7-1D6E8FD9AD10}.Debug|x86.ActiveCfg = Debug|Win32
		{B5B45A26-CDC3-4455-9FC7-1D6E8FD9AD10}.Debug|x86.Build.0 = Debug|Win32
		{B5B45A26-CDC3-4455-9FC7-1D6E8FD9AD10}.Release|x64.ActiveCfg = Release|x64
		{B5B45A26-CDC3-4455-9FC7-1D6E8FD9AD10}.Release|x64.Build.0 = Release|x64
		{B5B45A26-CDC3-4455-9FC7-1D6E8FD9AD10}.Release|x86.ActiveCfg = Release|Win32
		{B5B45A26-CDC3-4455-9FC7-1D6E8FD9AD10}.Release|x86.Build.0 = Release|Win32
		{70D35F33-FCB8-43FF-9DB7-A7AD4E5620A5}.Debug|x64.ActiveCfg = Debug|x64
		{70D35F33-FCB8-43FF-9DB7-A7AD4E5620A5}.Debug|x64.Build.0 = Debug|x64
		{70D35F33-FCB8-43FF-9DB7-A7AD4E5620A5}.Debug|x86.ActiveCfg = Debug|Win32
		{70D35F33-FCB8-43FF-9DB7-A7AD4E5620A5}.Debug|x86.Build.0 = Debug|Win32
		{70D35F33-FCB8-43FF-9DB7-A7AD4E5620A5}.Release|x64.ActiveCfg = Release|x64
		{70D35F33-FCB8-43FF-9DB7-A7AD4E5620A5}.Release|x64.Build.0 = Release|x64
		{70D35F33-FCB8-43FF-9DB7-A7AD4E5620A5}.Release|x86.ActiveCfg = Release|Win32
		{70D35F33-FCB8-43FF-9DB7-A7AD4E5620A5}.Release|x86.Build.0 = Release|Win32
		{88AA45F0-508A-4354-A87C-7A6AB7E3DCD5}.Debug|x64.ActiveCfg = Debug|x64
		{88AA45F0-508A-4354-A87C-7A6AB7E3DCD5}.Debug|x64.Build.0 = Debug|x64
		{88AA45F0-508A-4354-A87C-7A6AB7E3DCD5}.Debug|x86.ActiveCfg = Debug|Win32
		{88AA45F0-508A-4354-A87C-7A6AB7E3DCD5}.Debug|x86.Build.0 = Debug|Win32
		{88AA45F0-508A-4354-A87C-7A6AB7E3DCD5}.Release|x64.ActiveCfg = Release|x64
		{88AA45F0-508A-4354-A87C-7A6AB7E3DCD5}.Release|x64.Build.0 = Release|x64
		{88AA45F0-508A-4354-A87C-7A6AB7E3DCD5}.Release|x86.ActiveCfg = Release|Win32
		{88AA45F0-508A-4354-A87C-7A6AB7E3DCD5}.Release|x86.Build.0 = Release|Win32
		{9204EA5B-FA02-4E24-84CB-53F49E1BC5F3}.Debug|x64.ActiveCfg = Debug|x64
		{9204EA5B-FA02-4E24-84CB-53F49E1BC5F3}.Debug|x64.Build.0 = Debug|x64
		{9204EA5B-FA02-4E24-84CB-53F49E1BC5F3}.Debug|x86.ActiveCfg = Debug|Win32
		{9204EA5B-FA02-4E24-84CB-53F49E1BC5F3}.Debug|x86.Build.0 = Debug|Win32
		{9204EA5B-FA02-4E24-84CB-53F49E1BC5F3}.Release|x64.ActiveCfg = Release|x64
		{9204EA5B-FA02-4E24-84CB-53F49E1BC5F3}.Release|x64.Build.0 = Release|x64
		{9204EA5B-FA02-4E24-84CB-53F49E1BC5F3}.Release|x86.ActiveCfg = Release|Win32
		{9204EA5B-FA02-4E24-84CB-53F49E1BC5F3}.Release|x86.Build.0 = Release|Win32
		{1C14344B-0B9E-4901-B555-80C68C63DE2F}.Debug|x64.ActiveCfg = Debug|x64
		{1C14344B-0B9E-4901-B555-80C68C63DE2F}.Debug|x64.Build.0 = Debug|x64
		{1C14344B-0B9E-4901-B555-80C68C63DE2F}.Debug|x86.ActiveCfg = Debug|Win32
		{1C14344B-0B9E-4901-B555-80C68C63DE2F}.Debug|x86.Build.0 = Debug|Win32
		{1C14344B-0B9E-4901-B555-80C68C63DE2F}.Release|x64.ActiveCfg = Release|x64
		{1C14344B-0B9E-4901-B555-80C68C63DE2F}.Release|x64.Build.0 = Release|x64
		{1C14344B-0B9E-4901-B555-80C68C63DE2F}.Release|x86.ActiveCfg = Release|Win32
		{1C14344B-0B9E-4901-B555-80C68C63DE2F}.Release|x86.Build.0 = Release|Win32
		{C8EC1348-A87D-4599-BF7F-75FE4C922168}.Debug|x64.ActiveCfg = Debug|x64
		{C8EC1348-A87D-4599-BF7F-75FE4C922168}.Debug|x64.Build.0 = Debug|x64
		{C8EC1348-A87D-4599-BF7F-75FE4C922168}.Debug|x86.ActiveCfg = Debug|Win32
		{C8EC1348-A87D-4599-BF7F-75FE4C922168}.Debug|x86.Build.0 = Debug|Win32
		{C8EC1348-A87D-4599-BF7F-75FE4C922168}.Release|x64.ActiveCfg = Release|x64
		{C8EC1348-A87D-4599-BF7F-75FE4C922168}.Release|x64.Build.0 = Release|x64
		{C8EC1348-A87D-4599-BF7F-75FE4C922168}.Release|x86.ActiveCfg = Release|Win32
		{C8EC1348-A87D-4599-BF7F-75FE4C922168}.Release|x86.Build.0 = Release|Win32
		{E0BABFCE-6759-4C82-B526-74A25BE21C43}.Debug|x64.ActiveCfg = Debug|x64
		{E0BABFCE-6759-4C82-B526-74A25BE21C43}.Debug|x64.Build.0 = Debug|x64
		{E0BABFCE-6759-4C82-B526-74A25BE21C43}.Debug|x86.ActiveCfg = Debug|Win32
		{E0BABFCE-6759-4C82-B526-74A25BE21C43}.Debug|x86.Build.0 = Debug|Win32
		{E0BABFCE-6759-4C82-B526-74A25BE21C43}.Release|x64.ActiveCfg = Release|x64
		{E0BABFCE-6759-4C82-B526-74A25BE21C43}.Release|x64.Build.0 = Release|x64
		{E0BABFCE-6759-4C82-B526-74A25BE21C43}.Release|x86.ActiveCfg = Release|Win32
		{E0BABFCE-6759-4C82-B526-74A25BE21C43}.Release|x86.Build.0 = Release|Win32
		{FA031584-5D84-4CD1-8FA9-5F2E81BB1960}.Debug|x64.ActiveCfg = Debug|x64
		{FA031584-5D84-4CD1-8FA9-5F2E81BB1960}.Debug|x64.Build.0 = Debug|x64
		{FA031584-5D84-4CD1-8FA9-5F2E81BB1960}.Debug|x86.ActiveCfg = Debug|Win32
		{FA031584-5D84-4CD1-8FA9-5F2E81BB1960}.Debug|x86.Build.0 = Debug|Win32
		{FA031584-5D84-4CD1-8FA9-5F2E81BB1960}.Release|x64.ActiveCfg = Release|x64
		{FA031584-5D84-4CD1-8FA9-5F2E81BB1960}.Release|x64.Build.0 = Release|x64
		{FA031584-5D84-4CD1-8FA9-5F2E81BB1960}.Release|x86.ActiveCfg = Release|Win32
		{FA031584-5D84-4CD1-8FA9-5F2E81BB1960}.Release|x86.Build.0 = Release|Win32
		{D81A38A2-EF85-4726-B46A-4B347B127699}.Debug|x64.ActiveCfg = Debug|x64
		{D81A38A2-EF85-4726-B46A-4B347B127699}.Debug|x64.Build.0 = Debug|x64
		{D81A38A2-EF85-4726-B46A-4B347B127699}.Debug|x86.ActiveCfg = Debug|Win32
		{D81A38A2-EF85-4726-B46A-4B347B127699}.Debug|x86.Build.0 = Debug|Win32
		{D81A38A2-EF85-4726-B46A-4B347B127699}.Release|x64.ActiveCfg = Release|x64
		{D81A38A2-EF85-4726-B46A-4B347B127699}.Release|x64.Build.0 = Release|x64
		{D81A38A2-EF85-4726-B46A-4B347B127699}.Release|x86.ActiveCfg = Release|Win32
		{D81A38A2-EF85-4726-B46A-4B347B127699}.Release|x86.Build.0 = Release|Win32
		{25DF1D00-CA66-4831-9173-4E78B2DE1843}.Debug|x64.ActiveCfg = Debug|x64
		{25DF1D00-CA66-4831-9173-4E78B2DE1843}.Debug|x64.Build.0 = Debug|x64
		{25DF1D00-CA66-4831-9173-4E78B2DE1843}.Debug|x86.ActiveCfg = Debug|Win32
		{25DF1D00-CA66-4831-9173-4E78B2DE1843}.Debug|x86.Build.0 = Debug|Win32
		{25DF1D00-CA66-4831-9173-4E78B2DE1843}.Release|x64.ActiveCfg = Release|x64
		{25DF1D00-CA66-4831-9173-4E78B2DE1843}.Release|x64.Build.0 = Release|x64
		{25DF1D00-CA66-4831-9173-4E78B2DE1843}.Release|x86.ActiveCfg = Release|Win32
		{25DF1D00-CA66-4831-9173-4E78B2DE1843}.Release|x86.Build.0 = Release|Win32
		{00CC6968-797E-4935-9212-56F25AF5643C}.Debug|x64.ActiveCfg = Debug|x64
		{00CC6968-797E-4935-9212-56F25AF5643C}.Debug|x64.Build.0 = Debug|x64
		{00CC6968-797E-4935-9212-56F25AF5643C}.Debug|x86.ActiveCfg = Debug|Win32
		{00CC6968-797E-4935-9212-56F25AF5643C}.Debug|x86.Build.0 = Debug|Win32
		{00CC6968-797E-4935-9212-56F25AF5643C}.Release|x64.ActiveCfg = Release|x64
		{00CC6968-797E-4935-9212-56F25AF5643C}.Release|x64.Build.0 = Release|x64
		{00CC6968-797E-4935-9212-56F25AF5643C}.Release|x86.ActiveCfg = Release|Win32
		{00CC6968-797E-4935-9212-56F25AF5643C}.Release|x86.Build.0 = Release|Win32
		{25BD6E8F-59DB-4078-83D8-C986A3BB41CB}.Debug|x64.ActiveCfg = Debug|x64
		{25BD6E8F-59DB-4078-83D8-C986A3BB41CB}.Debug|x64.Build.0 = Debug|x64
		{25BD6E8F-59DB-4078-83D8-C986A3BB41CB}.Debug|x86.ActiveCfg = Debug|Win32
		{25BD6E8F-59DB-4078-83D8-C986A3BB41CB}.Debug|x86.Build.0 = Debug|Win32
		{25BD6E8F-59DB-4078-83D8-C986A3BB41CB}.Release|x64.ActiveCfg = Release|x64
		{25BD6E8F-59DB-4078-83D8-C986A3BB41CB}.Release|x64.Build.0 = Release|x64
		{25BD6E8F-59DB-4078-83D8-C986A3BB41CB}.Release|x86.ActiveCfg = Release|Win32
		{25BD6E8F-59DB-4078-83D8-C986A3BB41CB}.Release|x86.Build.0 = Release|Win32
		{3208EE72-8AAC-494C-9A57-6A0698F14A7B}.Debug|x64.ActiveCfg = Debug|x64
		{3208EE72-8AAC-494C-9A57-6A0698F14A7B}.Debug|x64.Build.0 = Debug|x64
		{3208EE72-8AAC-494C-9A57-6A0698F14A7B}.Debug|x86.ActiveCfg = Debug|Win32
		{3208EE72-8AAC-494C-9A57-6A0698F14A7B}.Debug|x86.Build.0 = Debug|Win32
		{3208EE72-8AAC-494C-9A57-6A0698F14A7B}.Release|x64.ActiveCfg = Release|x64
		{3208EE72-8AAC-494C-9A57-6A0698F14A7B}.Release|x64.Build.0 = Release|x64
		{3208EE72-8AAC-494C-9A57-6A0698F14A7B}.Release|x86.ActiveCfg = Release|Win32
		{3208EE72-8AAC-494C-9A57-6A0698F14A7B}.Release|x86.Build.0 = Release|Win32
		{D3E33870-8968-45FC-9020-A7E2BAC96901}.Debug|x64.ActiveCfg = Debug|x64
		{D3E33870-8968-45FC-9020-A7E2BAC96901}.Debug|x64.Build.0 = Debug|x64
		{D3E33870-8968-45FC-9020-A7E2BAC96901}.Debug|x86.ActiveCfg = Debug|Win32
		{D3E33870-8968-45FC-9020-A7E2BAC96901}.Debug|x86.Build.0 = Debug|Win32
		{D3E33870-8968-45FC-9020-A7E2BAC96901}.Release|x64.ActiveCfg = Release|x64
		{D3E33870-8968-45FC-9020-A7E2BAC96901}.Release|x64.Build.0 = Release|x64
		{D3E33870-8968-45FC-9020-A7E2BAC96901}.Release|x86.ActiveCfg = Release|Win32
		{D3E33870-8968-45FC-9020-A7E2BAC96901}.Release|x86.Build.0 = Release|Win32
		{FD4DC8EB-D422-45CF-8DE8-39FF071B9C83}.Debug|x64.ActiveCfg = Debug|x64
		{FD4DC8EB-D422-45CF-8DE8-39FF071B9C83}.Debug|x64.Build.0 = Debug|x64
		{FD4DC8EB-D422-45CF-8DE8-39FF071B9C83}.Debug|x86.ActiveCfg = Debug|Win32
		{FD4DC8EB-D422-45CF-8DE8-39FF071B9C83}.Debug|x86.Build.0 = Debug|Win32
		{FD4DC8EB-D422-45CF-8DE8-39FF071B9C83}.Release|x64.ActiveCfg = Release|x64
		{FD4DC8EB-D422-45CF-8DE8-39FF071B9C83}.Release|x64.Build.0 = Release|x64
		{FD4DC8EB-D422-45CF-8DE8-39FF071B9C83}.Release|x86.ActiveCfg = Release|Win32
		{FD4DC8EB-D422-45CF-8DE8-39FF071B9C83}.Release|x86.Build.0 = Release|Win32
		{79DC403C-4AEF-403B-A880-ACA499BF3428}.Debug|x64.ActiveCfg = Debug|x64
		{79DC403C-4AEF-403B-A880-ACA499BF3428}.Debug|x64.Build.0 = Debug|x64
		{79DC403C-4AEF-403B-A880-ACA499BF3428}.Debug|x86.ActiveCfg = Debug|Win32
		{79DC403C-4AEF-403B-A880-ACA499BF3428}.Debug|x86.Build.0 = Debug|Win32
		{79DC403C-4AEF-403B-A880-ACA499BF3428}.Release|x64.ActiveCfg = Release|x64
		{79DC403C-4AEF-403B-A880-ACA499BF3428}.Release|x64.Build.0 = Release|x64
		{79DC403C-4AEF-403B-A880-ACA499BF3428}.Release|x86.ActiveCfg = Release|Win32
		{79DC403C-4AEF-403B-A880-ACA499BF3428}.Release|x86.Build.0 = Release|Win32
		{0E2D4794-BA58-4566-9F37-9B7A56B772BA}.Debug|x64.ActiveCfg = Debug|x64
		{0E2D4794-BA58-4566-9F37-9B7A56B772BA}.Debug|x64.Build.0 = Debug|x64
		{0E2D4794-BA58-4566-9F37-9B7A56B772BA}.Debug|x86.ActiveCfg = Debug|Win32
		{0E2D4794-BA58-4566-9F37-9B7A56B772BA}.Debug|x86.Build.0 = Debug|Win32
		{0E2D4794-BA58-4566-9F37-9B7A56B772BA}.Release|x64.ActiveCfg = Release|x64
		{0E2D4794-BA58-4566-9F37-9B7A56B772BA}.Release|x64.Build.0 = Release|x64
		{0E2D4794-BA58-4566-9F37-9B7A56B772BA}.Release|x86.ActiveCfg = Release|Win32
		{0E2D4794-BA58-4566-9F37-9B7A56B772BA}.Release|x86.Build.0 = Release|Win32
		{3949D5B4-A18C-4EF3-89DF-2BA9188888C6}.Debug|x64.ActiveCfg = Debug|x64
		{3949D5B4-A18C-4EF3-89DF-2BA9188888C6}.Debug|x64.Build.0 = Debug|x64
		{3949D5B4-A18C-4EF3-89DF-2BA9188888C6}.Debug|x86.ActiveCfg = Debug|Win32
		{3949D5B4-A18C-4EF3-89DF-2BA9188888C6}.Debug|x86.Build.0 = Debug|Win32
		{3949D5B4-A18C-4EF3-89DF-2BA9188888C6}.Release|x64.ActiveCfg = Release|x64
		{3949D5B4-A18C-4EF3-89DF-2BA9188888C6}.Release|x64.Build.0 = Release|x64
		{3949D5B4-A18C-4EF3-89DF-2BA9188888C6}.Release|x86.ActiveCfg = Release|Win32
		{3949D5B4-A18C-4EF3-89DF-2BA9188888C6}.Release|x86.Build.0 = Release|Win32
		{F8085DBD-F5C7-4EF7-B275-46C640616BD8}.Debug|x64.ActiveCfg = Debug|x64
		{F8085DBD-F5C7-4EF7-B275-46C640616BD8}.Debug|x64.Build.0 = Debug|x64
		{F8085DBD-F5C7-4EF7-B275-46C640616BD8}.Debug|x86.ActiveCfg = Debug|Win32
		{F8085DBD-F5C7-4EF7-B275-46C640616BD8}.Debug|x86.Build.0 = Debug|Win32
		{F8085DBD-F5C7-4EF7-B275-46C640616BD8}.Release|x64.ActiveCfg = Release|x64
		{F8085DBD-F5C7-4EF7-B275-46C640616BD8}.Release|x64.Build.0 = Release|x64
		{F8085DBD-F5C7-4EF7-B275-46C640616BD8}.Release|x86.ActiveCfg = Release|Win32
		{F8085DBD-F5C7-4EF7-B275-46C640616BD8}.Release|x86.Build.0 = Release|Win32
		{B1577C92-8CC2-4E23-A804-F73B1B0F4239}.Debug|x64.ActiveCfg = Debug|x64
		{B1577C92-8CC2-4E23-A804-F73B1B0F4239}.Debug|x64.Build.0 = Debug|x64
		{B1577C92-8CC2-4E23-A804-F73B1B0F4239}.Debug|x86.ActiveCfg = Debug|Win32
		{B1577C92-8CC2-4E23-A804-F73B1B0F4239}.Debug|x86.Build.0 = Debug|Win32
		{B1577C92-8CC2-4E23-A804-F73B1B0F4239}.Release|x64.ActiveCfg = Release|x64
		{B1577C92-8CC2-4E23-A804-F73B1B0F4239}.Release|x64.Build.0 = Release|x64
		{B1577C92-8CC2-4E23-A804-F73B1B0F4239}.Release|x86.ActiveCfg = Release|Win32
		{B1577C92-8CC2-4E23-A804-F73B1B0F4239}.Release|x86.Build.0 = Release|Win32
		{60BF330C-416F-49D0-B98D-11D4D7FD71B3}.Debug|x64.ActiveCfg = Debug|x64
		{60BF330C-416F-49D0-B98D-11D4D7FD71B3}.Debug|x64.Build.0 = Debug|x64
		{60BF330C-416F-49D0-B98D-11D4D7FD71B3}.Debug|x86.ActiveCfg = Debug|Win32
		{60BF330C-416F-49D0-B98D-11D4D7FD71B3}.Debug|x86.Build.0 = Debug|Win32
		{60BF330C-416F-49D0-B98D-11D4D7FD71B3}.Release|x64.ActiveCfg = Release|x64
		{60BF330C-416F-49D0-B98D-11D4D7FD71B3}.Release|x64.Build.0 = Release|x64
		{60BF330C-416F-49D0-B98D-11D4D7FD71B3}.Release|x86.ActiveCfg = Release|Win32
		{60BF330C-416F-49D0-B98D-11D4D7FD71B3}.Release|x86.Build.0 = Release|Win32
		{1804EF31-FC55-4B1E-A294-CCF1CBB76212}.Debug|x64.ActiveCfg = Debug|x64
		{1804EF31-FC55-4B1E-A294-CCF1CBB76212}.Debug|x64.Build.0 = Debug|x64
		{1804EF31-FC55-4B1E-A294-CCF1CBB76212}.Debug|x86.ActiveCfg = Debug|Win32
		{1804EF31-FC55-4B1E-A294-CCF1CBB76212}.Debug|x86.Build.0 = Debug|Win32
		{1804EF31-FC55-4B1E-A294-CCF1CBB76212}.Release|x64.ActiveCfg = Release|x64
		{1804EF31-FC55-4B1E-A294-CCF1CBB76212}.Release|x64.Build.0 = Release|x64
		{1804EF31-FC55-4B1E-A294-CCF1CBB76212}.Release|x86.ActiveCfg = Release|Win32
		{1804EF31-FC55-4B1E-A294-CCF1CBB76212}.Release|x86.Build.0 = Release|Win32
		{4AF92E16-86FF-40C7-A07F-EDD4756B1812}.Debug|x64.ActiveCfg = Debug|x64
		{4AF92E16-86FF-40C7-A07F-EDD4756B1812}.Debug|x64.Build.0 = Debug|x64
		{4AF92E16-86FF-40C7-A07F-EDD4756B1812}.Debug|x86.ActiveCfg = Debug|Win32
		{4AF92E16-86FF-40C7-A07F-EDD4756B1812}.Debug|x86.Build.0 = Debug|Win32
		{4AF92E16-86FF-40C7-A07F-EDD4756B1812}.Release|x64.ActiveCfg = Release|x64
		{4AF92E16-86FF-40C7-A07F-EDD4756B1812}.Release|x64.Build.0 = Release|x64
		{4AF92E16-86FF-40C7-A07F-EDD4756B1812}.Release|x86.ActiveCfg = Release|Win32
		{4AF92E16-86FF-40C7-A07F-EDD4756B1812}.Release|x86.Build.0 = Release|Win32
		{8286518C-BC68-49F5-867B-8FBC8DCBE7DE}.Debug|x64.ActiveCfg = Debug|x64
		{8286518C-BC68-49F5-867B-8FBC8DCBE7DE}.Debug|x64.Build.0 = Debug|x64
		{8286518C-BC68-49F5-867B-8FBC8DCBE7DE}.Debug|x86.ActiveCfg = Debug|Win32
		{8286518C-BC68-49F5-867B-8FBC8DCBE7DE}.Debug|x86.Build.0 = Debug|Win32
		{8286518C-BC68-49F5-867B-8FBC8DCBE7DE}.Release|x64.ActiveCfg = Release|x64
		{8286518C-BC68-49F5-867B-8FBC8DCBE7DE}.Release|x64.Build.0 = Release|x64
		{8286518C-BC68-49F5-867B-8FBC8DCBE7DE}.Release|x86.ActiveCfg = Release|Win32
		{8286518C-BC68-49F5-867B-8FBC8DCBE7DE}.Release|x86.Build.0 = Release|Win32
		{C1DA5EDD-6F94-4DDC-A846-81462D63C21A}.Debug|x64.ActiveCfg = Debug|x64
		{C1DA5EDD-6F94-4DDC-A846-81462D63C21A}.Debug|x64.Build.0 = Debug|x64
		{C1DA5EDD-6F94-4DDC-A846-81462D63C21A}.Debug|x86.ActiveCfg = Debug|Win32
		{C1DA5EDD-6F94-4DDC-A846-81462D63C21A}.Debug|x86.Build.0 = Debug|Win32
		{C1DA5EDD-6F94-4DDC-A846-81462D63C21A}.Release|x64.ActiveCfg = Release|x64
		{C1DA5EDD-6F94-4DDC-A846-81462D63C21A}.Release|x64.Build.0 = Release|x64
		{C1DA5EDD-6F94-4DDC-A846-81462D63C21A}.Release|x86.ActiveCfg = Release|Win32
		{C1DA5EDD-6F94-4DDC-A846-81462D63C21A}.Release|x86.Build.0 = Release|Win32
		{AAF21A69-F371-4931-A908-C4AFA144F02B}.Debug|x64.ActiveCfg = Debug|x64
		{AAF21A69-F371-4931-A908-C4AFA144F02B}.Debug|x64.Build.0 = Debug|x64
		{AAF21A69-F371-4931-A908-C4AFA144F02B}.Debug|x86.ActiveCfg = Debug|Win32
		{AAF21A69-F371-4931-A908-C4AFA144F02B}.Debug|x86.Build.0 = Debug|Win32
		{AAF21A69-F371-4931-A908-C4AFA144F02B}.Release|x64.ActiveCfg = Release|x64
		{AAF21A69-F371-4931-A908-C4AFA144F02B}.Release|x64.Build.0 = Release|x64
		{AAF21A69-F371-4931-A908-C4AFA144F02B}.Release|x86.ActiveCfg = Release|Win32
		{AAF21A69-F371-4931-A908-C4AFA144F02B}.Release|x86.Build.0 = Release|Win32
		{EB333C72-ECB2-4CFB-AB2C-0E9DF04E122D}.Debug|x64.ActiveCfg = Debug|x64
		{EB333C72-ECB2-4CFB-AB2C-0E9DF04E122D}.Debug|x64.Build.0 = Debug|x64
		{EB333C72-ECB2-4CFB-AB2C-0E9DF04E122D}.Debug|x86.ActiveCfg = Debug|Win32
		{EB333C72-ECB2-4CFB-AB2C-0E9DF04E122D}.Debug|x86.Build.0 = Debug|Win32
		{EB333C72-ECB2-4CFB-AB2C-0E9DF04E122D}.Release|x64.ActiveCfg = Release|x64
		{EB333C72-ECB2-4CFB-AB2C-0E9DF04E122D}.Release|x64.Build.0 = Release|x64
		{EB333C72-ECB2-4CFB-AB2C-0E9DF04E122D}.Release|x86.ActiveCfg = Release|Win32
		{EB333C72-ECB2-4CFB-AB2C-0E9DF04E122D}.Release|x86.Build.0 = Release|Win32
		{0ACD5BB2-9654-4EEA-91E8-C46382C5FA6E}.Debug|x64.ActiveCfg = Debug|x64
		{0ACD5BB2-9654-4EEA-91E8-C46382C5FA6E}.Debug|x64.Build.0 = Debug|x64
		{0ACD5BB2-9654-4EEA-91E8-C46382C5FA6E}.Debug|x86.ActiveCfg = Debug|Win32
		{0ACD5BB2-9654-4EEA-91E8-C46382C5FA6E}.Debug|x86.Build.0 = Debug|Win32
		{0ACD5BB2-9654-4EEA-91E8-C46382C5FA6E}.Release|x64.ActiveCfg = Release|x64
		{0ACD5BB2-9654-4EEA-91E8-C46382C5FA6E}.Release|x64.Build.0 = Release|x64
		{0ACD5BB2-9654-4EEA-91E8-C46382C5FA6E}.Release|x86.ActiveCfg = Release|Win32
		{0ACD5BB2-9654-4EEA-91E8-C46382C5FA6E}.Release|x86.Build.0 = Release|Win32
		{96120B48-AFE1-4349-960D-BD6F0FEDEA1F}.Debug|x64.ActiveCfg = Debug|x64
		{96120B48-AFE1-4349-960D-BD6F0FEDEA1F}.Debug|x64.Build.0 = Debug|x64
		{96120B48-AFE1-4349-960D-BD6F0FEDEA1F}.Debug|x86.ActiveCfg = Debug|Win32
		{96120B48-AFE1-4349-960D-BD6F0FEDEA1F}.Debug|x86.Build.0 = Debug|Win32
		{96120B48-AFE1-4349-960D-BD6F0FEDEA1F}.Release|x64.ActiveCfg = Release|x64
		{96120B48-AFE1-4349-960D-BD6F0FEDEA1F}.Release|x64.Build.0 = Release|x64
		{96120B48-AFE1-4349-960D-BD6F0FEDEA1F}.Release|x86.ActiveCfg = Release|Win32
		{96120B48-AFE1-4349-960D-BD6F0FEDEA1F}.Release|x86.Build.0 = Release|Win32
		{0E01BA4E-15E6-4D98-9EE5-50BDD238D1BC}.Debug|x64.ActiveCfg = Debug|x64
		{0E01BA4E-15E6-4D98-9EE5-50BDD238D1BC}.Debug|x64.Build.0 = Debug|x64
		{0E01BA4E-15E6-4D98-9EE5-50BDD238D1BC}.Debug|x86.ActiveCfg = Debug|Win32
		{0E01BA4E-15E6-4D98-9EE5-50BDD238D1BC}.Debug|x86.Build.0 = Debug|Win32
		{0E01BA4E-15E6-4D98-9EE5-50BDD238D1BC}.Release|x64.ActiveCfg = Release|x64
		{0E01BA4E-15E6-4D98-9EE5-50BDD238D1BC}.Release|x64.Build.0 = Release|x64
		{0E01BA4E-15E6-4D98-9EE5-50BDD238D1BC}.Release|x86.ActiveCfg = Release|Win32
		{0E01BA4E-15E6-4D98-9EE5-50BDD238D1BC}.Release|x86.Build.0 = Release|Win32
		{F0142CDE-64B2-4061-B5B7-CB25BF56E58C}.Debug|x64.ActiveCfg = Debug|x64
		{F0142CDE-64B2-4061-B5B7-CB25BF56E58C}.Debug|x64.Build.0 = Debug|x64
		{F0142CDE-64B2-4061-B5B7-CB25BF56E58C}.Debug|x86.ActiveCfg = Debug|Win32
		{F0142CDE-64B2-4061-B5B7-CB25BF56E58C}.Debug|x86.Build.0 = Debug|Win32
		{F0142CDE-64B2-4061-B5B7-CB25BF56E58C}.Release|x64.ActiveCfg = Release|x64
		{F0142CDE-64B2-4061-B5B7-CB25BF56E58C}.Release|x64.Build.0 = Release|x64
		{F0142CDE-64B2-4061-B5B7-CB25BF56E58C}.Release|x86.ActiveCfg = Release|Win32
		{F0142CDE-64B2-4061-B5B7-CB25BF56E58C}.Release|x86.Build.0 = Release|Win32
		{1EC36BEB-1D94-4700-9619-5F23ED2B0134}.Debug|x64.ActiveCfg = Debug|x64
		{1EC36BEB-1D94-4700-9619-5F23ED2B0134}.Debug|x64.Build.0 = Debug|x64
		{1EC36BEB-1D94-4700-9619-5F23ED2B0134}.Debug|x86.ActiveCfg = Debug|Win32
		{1EC36BEB-1D94-4700-9619-5F23ED2B0134}.Debug|x86.Build.0 = Debug|Win32
		{1EC36BEB-1D94-4700-9619-5F23ED2B0134}.Release|x64.ActiveCfg = Release|x64
		{1EC36BEB-1D94-4700-9619-5F23ED2B0134}.Release|x64.Build.0 = Release|x64
		{1EC36BEB-1D94-4700-9619-5F23ED2B0134}.Release|x86.ActiveCfg = Release|Win32
		{1EC36BEB-1D94-4700-9619-5F23ED2B0134}.Release|x86.Build.0 = Release|Win32
		{B91EDBA2-325E-4E42-A300-02CAED5D959B}.Debug|x64.ActiveCfg = Debug|x64
		{B91EDBA2-325E-4E42-A300-02CAED5D959B}.Debug|x64.Build.0 = Debug|x64
		{B91EDBA2-325E-4E42-A300-02CAED5D959B}.Debug|x86.ActiveCfg = Debug|Win32
		{B91EDBA2-325E-4E42-A300-02CAED5D959B}.Debug|x86.Build.0 = Debug|Win32
		{B91EDBA2-325E-4E42-A300-02CAED5D959B}.Release|x64.ActiveCfg = Release|x64
		{B91EDBA2-325E-4E42-A300-02CAED5D959B}.Release|x64.Build.0 = Release|x64
		{B91EDBA2-325E-4E42-A300-02CAED5D959B}.Release|x86.ActiveCfg = Release|Win32
		{B91EDBA2-325E-4E42-A300-02CAED5D959B}.Release|x86.Build.0 = Release|Win32
		{B02208B8-DC4F-4563-8459-1D1CAB2014A4}.Debug|x64.ActiveCfg = Debug|x64
		{B02208B8-DC4F-4563-8459-1D1CAB2014A4}.Debug|x64.Build.0 = Debug|x64
		{B02208B8-DC4F-4563-8459-1D1CAB2014A4}.Debug|x86.ActiveCfg = Debug|Win32
		{B02208B8-DC4F-4563-8459-1D1CAB2014A4}.Debug|x86.Build.0 = Debug|Win32
		{B02208B8-DC4F-4563-8459-1D1CAB2014A4}.Release|x64.ActiveCfg = Release|x64
		{B02208B8-DC4F-4563-8459-1D1CAB2014A4}.Release|x64.Build.0 = Release|x64
		{B02208B8-DC4F-4563-8459-1D1CAB2014A4}.Release|x86.ActiveCfg = Release|Win32
		{B02208B8-DC4F-4563-8459-1D1CAB2014A4}.Release|x86.Build.0 = Release|Win32
		{37A2F3FF-9C20-4734-A14D-18FF4285994C}.Debug|x64.ActiveCfg = Debug|x64
		{37A2F3FF-9C20-4734-A14D-18FF4285994C}.Debug|x64.Build.0 = Debug|x64
		{37A2F3FF-9C20-4734-A14D-18FF4285994C}.Debug|x86.ActiveCfg = Debug|Win32
		{37A2F3FF-9C20-4734-A14D-18FF4285994C}.Debug|x86.Build.0 = Debug|Win32
		{37A2F3FF-9C20-4734-A14D-18FF4285994C}.Release|x64.ActiveCfg = Release|x64
		{37A2F3FF-9C20-4734-A14D-18FF4285994C}.Release|x64.Build.0 = Release|x64
		{37A2F3FF-9C20-4734-A14D-18FF4285994C}.Release|x86.ActiveCfg = Release|Win32
		{37A2F3FF-9C20-4734-A14D-18FF4285994C}.Release|x86.Build.0 = Release|Win32
		{3DADC93C-C0D7-4F40-94B5-4F6A52DF08D7}.Debug|x64.ActiveCfg = Debug|x64
		{3DADC93C-C0D7-4F40-94B5-4F6A52DF08D7}.Debug|x64.Build.0 = Debug|x64
		{3DADC93C-C0D7-4F40-94B5-4F6A52DF08D7}.Debug|x86.ActiveCfg = Debug|Win32
		{3DADC93C-C0D7-4F40-94B5-4F6A52DF08D7}.Debug|x86.Build.0 = Debug|Win32
		{3DADC93C-C0D7-4F40-94B5-4F6A52DF08D7}.Release|x64.ActiveCfg = Release|x64
		{3DADC93C-C0D7-4F40-94B5-4F6A52DF08D7}.Release|x64.Build.0 = Release|x64
		{3DADC93C-C0D7-4F40-94B5-4F6A52DF08D7}.Release|x86.ActiveCfg = Release|Win32
		{3DADC93C-C0D7-4F40-94B5-4F6A52DF08D7}.Release|x86.Build.0 = Release|Win32
		{D8C335AC-51E7-44A4-916A-8258A41EA206}.Debug|x64.ActiveCfg = Debug|x64
		{D8C335AC-51E7-44A4-916A-8258A41EA206}.Debug|x64.Build.0 = Debug|x64
		{D8C335AC-51E7-44A4-916A-8258A41EA206}.Debug|x86.ActiveCfg = Debug|Win32
		{D8C335AC-51E7-44A4-916A-8258A41EA206}.Debug|x86.Build.0 = Debug|Win32
		{D8C335AC-51E7-44A4-916A-8258A41EA206}.Release|x64.ActiveCfg = Release|x64
		{D8C335AC-51E7-44A4-916A-8258A41EA206}.Release|x64.Build.0 = Release|x64
		{D8C335AC-51E7-44A4-916A-8258A41EA206}.Release|x86.ActiveCfg = Release|Win32
		{D8C335AC-51E7-44A4-916A-8258A41EA206}.Release|x86.Build.0 = Release|Win32
		{DC0341BD-5575-400B-8E4F-1B8940F53FA9}.Debug|x64.ActiveCfg = Debug|x64
		{DC0341BD-5575-400B-8E4F-1B8940F53FA9}.Debug|x64.Build.0 = Debug|x64
		{DC0341BD-5575-400B-8E4F-1B8940F53FA9}.Debug|x86.ActiveCfg = Debug|Win32
		{DC0341BD-5575-400B-8E4F-1B8940F53FA9}.Debug|x86.Build.0 = Debug|Win32
		{DC0341BD-5575-400B-8E4F-1B8940F53FA9}.Release|x64.ActiveCfg = Release|x64
		{DC0341BD-5575-400B-8E4F-1B8940F53FA9}.Release|x64.Build.0 = Release|x64
		{DC0341BD-5575-400B-8E4F-1B8940F53FA9}.Release|x86.ActiveCfg = Release|Win32
		{DC0341BD-5575-400B-8E4F-1B8940F53FA9}.Release|x86.Build.0 = Release|Win32
		{7B932926-9D6F-4DB7-97E2-E129A8638F38}.Debug|x64.ActiveCfg = Debug|x64
		{7B932926-9D6F-4DB7-97E2-E129A8638F38}.Debug|x64.Build.0 = Debug|x64
		{7B932926-9D6F-4DB7-97E2-E129A8638F38}.Debug|x86.ActiveCfg = Debug|Win32
		{7B932926-9D6F-4DB7-97E2-E129A8638F38}.Debug|x86.Build.0 = Debug|Win32
		{7B932926-9D6F-4DB7-97E2-E129A8638F38}.Release|x64.ActiveCfg = Release|x64
		{7B932926-9D6F-4DB7-97E2-E129A8638F38}.Release|x64.Build.0 = Release|x64
		{7B932926-9D6F-4DB7-97E2-E129A8638F38}.Release|x86.ActiveCfg = Release|Win32
		{7B932926-9D6F-4DB7-97E2-E129A8638F38}.Release|x86.Build.0 = Release|Win32
		{960CDE10-084F-4C37-BD6B-865B1DDA141A}.Debug|x64.ActiveCfg = Debug|x64
		{960CDE10-084F-4C37-BD6B-865B1DDA141A}.Debug|x64.Build.0 = Debug|x64
		{960CDE10-084F-4C37-BD6B-865B1DDA141A}.Debug|x86.ActiveCfg = Debug|Win32
		{960CDE10-084F-4C37-BD6B-865B1DDA141A}.Debug|x86.Build.0 = Debug|Win32
		{960CDE10-084F-4C37-BD6B-865B1DDA141A}.Release|x64.ActiveCfg = Release|x64
		{960CDE10-084F-4C37-BD6B-865B1DDA141A}.Release|x64.Build.0 = Release|x64
		{960CDE10-084F-4C37-BD6B-865B1DDA141A}.Release|x86.ActiveCfg = Release|Win32
		{960CDE10-084F-4C37-BD6B-865B1DDA141A}.Release|x86.Build.0 = Release|Win32
		{DCAD0AC5-CC30-4CC8-B960-0004B270683A}.Debug|x64.ActiveCfg = Debug|x64
		{DCAD0AC5-CC30-4CC8-B960-0004B270683A}.Debug|x64.Build.0 = Debug|x64
		{DCAD0AC5-CC30-4CC8-B960-0004B270683A}.Debug|x86.ActiveCfg = Debug|Win32
		{DCAD0AC5-CC30-4CC8-B960-0004B270683A}.Debug|x86.Build.0 = Debug|Win32
		{DCAD0AC5-CC30-4CC8-B960-0004B270683A}.Release|x64.ActiveCfg = Release|x64
		{DCAD0AC5-CC30-4CC8-B960-0004B270683A}.Release|x64.Build.0 = Release|x64
		{DCAD0AC5-CC30-4CC8-B960-0004B270683A}.Release|x86.ActiveCfg = Release|Win32
		{DCAD0AC5-CC30-4CC8-B960-0004B270683A}.Release|x86.Build.0 = Release|Win32
		{74F5F28E-66CB-4327-B5D0-689ED3BBB9C4}.Debug|x64.ActiveCfg = Debug|x64
		{74F5F28E-66CB-4327-B5D0-689ED3BBB9C4}.Debug|x64.Build.0 = Debug|x64
		{74F5F28E-66CB-4327-B5D0-689ED3BBB9C4}.Debug|x86.ActiveCfg = Debug|Win32
		{74F5F28E-66CB-4327-B5D0-689ED3BBB9C4}.Debug|x86.Build.0 = Debug|Win32
		{74F5F28E-66CB-4327-B5D0-689ED3BBB9C4}.Release|x64.ActiveCfg = Release|x64
		{74F5F28E-66CB-4327-B5D0-689ED3BBB9C4}.Release|x64.Build.0 = Release|x64
		{74F5F28E-66CB-4327-B5D0-689ED3BBB9C4}.Release|x86.ActiveCfg = Release|Win32
		{74F5F28E-66CB-4327-B5D0-689ED3BBB9C4}.Release|x86.Build.0 = Release|Win32
		{DD0E9361-56F3-4057-A951-77F9AD9F8DB5}.Debug|x64.ActiveCfg = Debug|x64
		{DD0E9361-56F3-4057-A951-77F9AD9F8DB5}.Debug|x64.Build.0 = Debug|x64
		{DD0E9361-56F3-4057-A951-77F9AD9F8DB5}.Debug|x86.ActiveCfg = Debug|Win32
		{DD0E9361-56F3-4057-A951-77F9AD9F8DB5}.Debug|x86.Build.0 = Debug|Win32
		{DD0E9361-56F3-4057-A951-77F9AD9F8DB5}.Release|x64.ActiveCfg = Release|x64
		{DD0E9361-56F3-4057-A951-77F9AD9F8DB5}.Release|x64.Build.0 = Release|x64
		{DD0E9361-56F3-4057-A951-77F9AD9F8DB5}.Release|x86.ActiveCfg = Release|Win32
		{DD0E9361-56F3-4057-A951-77F9AD9F8DB5}.Release|x86.Build.0 = Release|Win32
		{365FFAA2-D05F-42EF-8D54-07286CE1899B}.Debug|x64.ActiveCfg = Debug|x64
		{365FFAA2-D05F-42EF-8D54-07286CE1899B}.Debug|x64.Build.0 = Debug|x64
		{365FFAA2-D05F-42EF-8D54-07286CE1899B}.Debug|x86.ActiveCfg = Debug|Win32
		{365FFAA2-D05F-42EF-8D54-07286CE1899B}.Debug|x86.Build.0 = Debug|Win32
		{365FFAA2-D05F-42EF-8D54-07286CE1899B}.Release|x64.ActiveCfg = Release|x64
		{365FFAA2-D05F-42EF-8D54-07286CE1899B}.Release|x64.Build.0 = Release|x64
		{365FFAA2-D05F-42EF-8D54-07286CE1899B}.Release|x86.ActiveCfg = Release|Win32
		{365FFAA2-D05F-42EF-8D54-07286CE1899B}.Release|x86.Build.0 = Release|Win32
		{36F5F076-7E7C-4258-B1F1-7E0B1922FCEB}.Debug|x64.ActiveCfg = Debug|x64
		{36F5F076-7E7C-4258-B1F1-7E0B1922FCEB}.Debug|x64.Build.0 = Debug|x64
		{36F5F076-7E7C-4258-B1F1-7E0B1922FCEB}.Debug|x86.ActiveCfg = Debug|Win32
		{36F5F076-7E7C-4258-B1F1-7E0B1922FCEB}.Debug|x86.Build.0 = Debug|Win32
		{36F5F076-7E7C-4258-B1F1-7E0B1922FCEB}.Release|x64.ActiveCfg = Release|x64
		{36F5F076-7E7C-4258-B1F1-7E0B1922FCEB}.Release|x64.Build.0 = Release|x64
		{36F5F076-7E7C-4258-B1F1-7E0B1922FCEB}.Release|x86.ActiveCfg = Release|Win32
		{36F5F076-7E7C-4258-B1F1-7E0B1922FCEB}.Release|x86.Build.0 = Release|Win32
		{458EE1ED-6189-4972-A69D-C088CBBFB3B6}.Debug|x64.ActiveCfg = Debug|x64
		{458EE1ED-6189-4972-A69D-C088CBBFB3B6}.Debug|x64.Build.0 = Debug|x64
		{458EE1ED-6189-4972-A69D-C088CBBFB3B6}.Debug|x86.ActiveCfg = Debug|Win32
		{458EE1ED-6189-4972-A69D-C088CBBFB3B6}.Debug|x86.Build.0 = Debug|Win32
		{458EE1ED-6189-4972-A69D-C088CBBFB3B6}.Release|x64.ActiveCfg = Release|x64
		{458EE1ED-6189-4972-A69D-C088CBBFB3B6}.Release|x64.Build.0 = Release|x64
		{458EE1ED-6189-4972-A69D-C088CBBFB3B6}.Release|x86.ActiveCfg = Release|Win32
		{458EE1ED-6189-4972-A69D-C088CBBFB3B6}.Release|x86.Build.0 = Release|Win32
		{42E3D51F-8CA3-4915-8571-EE2224B73D50}.Debug|x64.ActiveCfg = Debug|x64
		{42E3D51F-8CA3-4915-8571-EE2224B73D50}.Debug|x64.Build.0 = Debug|x64
		{42E3D51F-8CA3-4915-8571-EE2224B73D50}.Debug|x86.ActiveCfg = Debug|Win32
		{42E3D51F-8CA3-4915-8571-EE2224B73D50}.Debug|x86.Build.0 = Debug|Win32
		{42E3D51F-8CA3-4915-8571-EE2224B73D50}.Release|x64.ActiveCfg = Release|x64
		{42E3D51F-8CA3-4915-8571-EE2224B73D50}.Release|x64.Build.0 = Release|x64
		{42E3D51F-8CA3-4915-8571-EE2224B73D50}.Release|x86.ActiveCfg = Release|Win32
		{42E3D51F-8CA3-4915-8571-EE2224B73D50}.Release|x86.Build.0 = Release|Win32
		{96961919-8C84-410A-9BF7-D47840586C59}.Debug|x64.ActiveCfg = Debug|x64
		{96961919-8C84-410A-9BF7-D47840586C59}.Debug|x64.Build.0 = Debug|x64
		{96961919-8C84-410A-9BF7-D47840586C59}.Debug|x86.ActiveCfg = Debug|Win32
		{96961919-8C84-410A-9BF7-D47840586C59}.Debug|x86.Build.0 = Debug|Win32
		{96961919-8C84-410A-9BF7-D47840586C59}.Release|x64.ActiveCfg = Release|x64
		{96961919-8C84-410A-9BF7-D47840586C59}.Release|x64.Build.0 = Release|x64
		{96961919-8C84-410A-9BF7-D47840586C59}.Release|x86.ActiveCfg = Release|Win32
		{96961919-8C84-410A-9BF7-D47840586C59}.Release|x86.Build.0 = Release|Win32
		{3B327C15-697F-4B20-9088-7D3D50301190}.Debug|x64.ActiveCfg = Debug|x64
		{3B327C15-697F-4B20-9088-7D3D50301190}.Debug|x64.Build.0 = Debug|x64
		{3B327C15-697F-4B20-9088-7D3D50301190}.Debug|x86.ActiveCfg = Debug|Win32
		{3B327C15-697F-4B20-9088-7D3D50301190}.Debug|x86.Build.0 = Debug|Win32
		{3B327C15-697F-4B20-9088-7D3D50301190}.Release|x64.ActiveCfg = Release|x64
		{3B327C15-697F-4B20-9088-7D3D50301190}.Release|x64.Build.0 = Release|x64
		{3B327C15-697F-4B20-9088-7D3D50301190}.Release|x86.ActiveCfg = Release|Win32
		{3B327C15-697F-4B20-9088-7D3D50301190}.Release|x86.Build.0 = Release|Win32
		{008A3B31-AEC3-4A8D-BF90-E93E187C4629}.Debug|x64.ActiveCfg = Debug|x64
		{008A3B31-AEC3-4A8D-BF90-E93E187C4629}.Debug|x64.Build.0 = Debug|x64
		{008A3B31-AEC3-4A8D-BF90-E93E187C4629}.Debug|x86.ActiveCfg = Debug|Win32
		{008A3B31-AEC3-4A8D-BF90-E93E187C4629}.Debug|x86.Build.0 = Debug|Win32
		{008A3B31-AEC3-4A8D-BF90-E93E187C4629}.Release|x64.ActiveCfg = Release|x64
		{008A3B31-AEC3-4A8D-BF90-E93E187C4629}.Release|x64.Build.0 = Release|x64
		{008A3B31-AEC3-4A8D-BF90-E93E187C4629}.Release|x86.ActiveCfg = Release|Win32
		{008A3B31-AEC3-4A8D-BF90-E93E187C4629}.Release|x86.Build.0 = Release|Win32
		{61F189A6-AAD7-496A-A446-FFAC677C9F3B}.Debug|x64.ActiveCfg = Debug|x64
		{61F189A6-AAD7-496A-A446-FFAC677C9F3B}.Debug|x64.Build.0 = Debug|x64
		{61F189A6-AAD7-496A-A446-FFAC677C9F3B}.Debug|x86.ActiveCfg = Debug|Win32
		{61F189A6-AAD7-496A-A446-FFAC677C9F3B}.Debug|x86.Build.0 = Debug|Win32
		{61F189A6-AAD7-496A-A446-FFAC677C9F3B}.Release|x64.ActiveCfg = Release|x64
		{61F189A6-AAD7-496A-A446-FFAC677C9F3B}.Release|x64.Build.0 = Release|x64
		{61F189A6-AAD7-496A-A446-FFAC677C9F3B}.Release|x86.ActiveCfg = Release|Win32
		{61F189A6-AAD7-496A-A446-FFAC677C9F3B}.Release|x86.Build.0 = Release|Win32
		{3B7FFEAE-DD1B-44E5-80A1-19EF160AB15D}.Debug|x64.ActiveCfg = Debug|x64
		{3B7FFEAE-DD1B-44E5-80A1-19EF160AB15D}.Debug|x64.Build.0 = Debug|x64
		{3B7FFEAE-DD1B-44E5-80A1-19EF160AB15D}.Debug|x86.ActiveCfg = Debug|Win32
		{3B7FFEAE-DD1B-44E5-80A1-19EF160AB15D}.Debug|x86.Build.0 = Debug|Win32
		{3B7FFEAE-DD1B-44E5-80A1-19EF160AB15D}.Release|x64.ActiveCfg = Release|x64
		{3B7FFEAE-DD1B-44E5-80A1-19EF160AB15D}.Release|x64.Build.0 = Release|x64
		{3B7FFEAE-DD1B-44E5-80A1-19EF160AB15D}.Release|x86.ActiveCfg = Release|Win32
		{3B7FFEAE-DD1B-44E5-80A1-19EF160AB15D}.Release|x86.Build.0 = Release|Win32
		{9AD30B8A-A987-4E45-88EF-74C6F1412B92}.Debug|x64.ActiveCfg = Debug|x64
		{9AD30B8A-A987-4E45-88EF-74C6F1412B92}.Debug|x64.Build.0 = Debug|x64
		{9AD30B8A-A987-4E45-88EF-74C6F1412B92}.Debug|x86.ActiveCfg = Debug|Win32
		{9AD30B8A-A987-4E45-88EF-74C6F1412B92}.Debug|x86.Build.0 = Debug|Win32
		{9AD30B8A-A987-4E45-88EF-74C6F1412B92}.Release|x64.ActiveCfg = Release|x64
		{9AD30B8A-A987-4E45-88EF-74C6F1412B92}.Release|x64.Build.0 = Release|x64
		{9AD30B8A-A987-4E45-88EF-74C6F1412B92}.Release|x86.ActiveCfg = Release|Win32
		{9AD30B8A-A987-4E45-88EF-74C6F1412B92}.Release|x86.Build.0 = Release|Win32
		{59962DAE-E886-4B7A-89D5-E782CC1E3126}.Debug|x64.ActiveCfg = Debug|x64
		{59962DAE-E886-4B7A-89D5-E782CC1E3126}.Debug|x64.Build.0 = Debug|x64
		{59962DAE-E886-4B7A-89D5-E782CC1E3126}.Debug|x86.ActiveCfg = Debug|Win32
		{59962DAE-E886-4B7A-89D5-E782CC1E3126}.Debug|x86.Build.0 = Debug|Win32
		{59962DAE-E886-4B7A-89D5-E782CC1E3126}.Release|x64.ActiveCfg = Release|x64
		{59962DAE-E886-4B7A-89D5-E782CC1E3126}.Release|x64.Build.0 = Release|x64
		{59962DAE-E886-4B7A-89D5-E782CC1E3126}.Release|x86.ActiveCfg = Release|Win32
		{59962DAE-E886-4B7A-89D5-E782CC1E3126}.Release|x86.Build.0 = Release|Win32
		{510425E5-56A2-4DE6-BA90-E28C00B6ECA0}.Debug|x64.ActiveCfg = Debug|x64
		{510425E5-56A2-4DE6-BA90-E28C00B6ECA0}.Debug|x64.Build.0 = Debug|x64
		{510425E5-56A2-4DE6-BA90-E28C00B6ECA0}.Debug|x86.ActiveCfg = Debug|Win32
		{510425E5-56A2-4DE6-BA90-E28C00B6ECA0}.Debug|x86.Build.0 = Debug|Win32
		{510425E5-56A2-4DE6-BA90-E28C00B6ECA0}.Release|x64.ActiveCfg = Release|x64
		{510425E5-56A2-4DE6-BA90-E28C00B6ECA0}.Release|x64.Build.0 = Release|x64
		{510425E5-56A2-4DE6-BA90-E28C00B6ECA0}.Release|x86.ActiveCfg = Release|Win32
		{510425E5-56A2-4DE6-BA90-E28C00B6ECA0}.Release|x86.Build.0 = Release|Win32
		{9953C44C-426F-4DDC-870B-1A4EBD9E56F4}.Debug|x64.ActiveCfg = Debug|x64
		{9953C44C-426F-4DDC-870B-1A4EBD9E56F4}.Debug|x64.Build.0 = Debug|x64
		{9953C44C-426F-4DDC-870B-1A4EBD9E56F4}.Debug|x86.ActiveCfg = Debug|Win32
		{9953C44C-426F-4DDC-870B-1A4EBD9E56F4}.Debug|x86.Build.0 = Debug|Win32
		{9953C44C-426F-4DDC-870B-1A4EBD9E56F4}.Release|x64.ActiveCfg = Release|x64
		{9953C44C-426F-4DDC-870B-1A4EBD9E56F4}.Release|x64.Build.0 = Release|x64
		{9953C44C-426F-4DDC-870B-1A4EBD9E56F4}.Release|x86.ActiveCfg = Release|Win32
		{9953C44C-426F-4DDC-870B-1A4EBD9E56F4}.Release|x86.Build.0 = Release|Win32
		{B4D55800-702B-4EAC-99FC-B56B4C0723FD}.Debug|x64.ActiveCfg = Debug|x64
		{B4D55800-702B-4EAC-99FC-B56B4C0723FD}.Debug|x64.Build.0 = Debug|x64
		{B4D55800-702B-4EAC-99FC-B56B4C0723FD}.Debug|x86.ActiveCfg = Debug|Win32
		{B4D55800-702B-4EAC-99FC-B56B4C0723FD}.Debug|x86.Build.0 = Debug|Win32
		{B4D55800-702B-4EAC-99FC-B56B4C0723FD}.Release|x64.ActiveCfg = Release|x64
		{B4D55800-702B-4EAC-99FC-B56B4C0723FD}.Release|x64.Build.0 = Release|x64
		{B4D55800-702B-4EAC-99FC-B56B4C0723FD}.Release|x86.ActiveCfg = Release|Win32
		{B4D55800-702B-4EAC-99FC-B56B4C0723FD}.Release|x86.Build.0 = Release|Win32
		{5CF41E8F-DE9C-402E-B0FF-0F482C3E252F}.Debug|x64.ActiveCfg = Debug|x64
		{5CF41E8F-DE9C-402E-B0FF-0F482C3E252F}.Debug|x64.Build.0 = Debug|x64
		{5CF41E8F-DE9C-402E-B0FF-0F482C3E252F}.Debug|x86.ActiveCfg = Debug|Win32
		{5CF41E8F-DE9C-402E-B0FF-0F482C3E252F}.Debug|x86.Build.0 = Debug|Win32
		{5CF41E8F-DE9C-402E-B0FF-0F482C3E252F}.Release|x64.ActiveCfg = Release|x64
		{5CF41E8F-DE9C-402E-B0FF-0F482C3E252F}.Release|x64.Build.0 = Release|x64
		{5CF41E8F-DE9C-402E-B0FF-0F482C3E252F}.Release|x86.ActiveCfg = Release|Win32
		{5CF41E8F-DE9C-402E-B0FF-0F482C3E252F}.Release|x86.Build.0 = Release|Win32
		{F7C89F68-C7C7-47E0-8105-13971C905316}.Debug|x64.ActiveCfg = Debug|x64
		{F7C89F68-C7C7-47E0-8105-13971C905316}.Debug|x64.Build.0 = Debug|x64
		{F7C89F68-C7C7-47E0-8105-13971C905316}.Debug|x86.ActiveCfg = Debug|Win32
		{F7C89F68-C7C7-47E0-8105-13971C905316}.Debug|x86.Build.0 = Debug|Win32
		{F7C89F68-C7C7-47E0-8105-13971C905316}.Release|x64.ActiveCfg = Release|x64
		{F7C89F68-C7C7-47E0-8105-13971C905316}.Release|x64.Build.0 = Release|x64
		{F7C89F68-C7C7-47E0-8105-13971C905316}.Release|x86.ActiveCfg = Release|Win32
		{F7C89F68-C7C7-47E0-8105-13971C905316}.Release|x86.Build.0 = Release|Win32
		{7F12C9F6-32D7-43ED-96A6-6557B78E797D}.Debug|x64.ActiveCfg = Debug|x64
		{7F12C9F6-32D7-43ED-96A6-6557B78E797D}.Debug|x64.Build.0 = Debug|x64
		{7F12C9F6-32D7-43ED-96A6-6557B78E797D}.Debug|x86.ActiveCfg = Debug|Win32
		{7F12C9F6-32D7-43ED-96A6-6557B78E797D}.Debug|x86.Build.0 = Debug|Win32
		{7F12C9F6-32D7-43ED-96A6-6557B78E797D}.Release|x64.ActiveCfg = Release|x64
		{7F12C9F6-32D7-43ED-96A6-6557B78E797D}.Release|x64.Build.0 = Release|x64
		{7F12C9F6-32D7-43ED-96A6-6557B78E797D}.Release|x86.ActiveCfg = Release|Win32
		{7F12C9F6-32D7-43ED-96A6-6557B78E797D}.Release|x86.Build.0 = Release|Win32
		{A48F7DFF-B30A-4B19-9686-030511D85732}.Debug|x64.ActiveCfg = Debug|x64
		{A48F7DFF-B30A-4B19-9686-030511D85732}.Debug|x64.Build.0 = Debug|x64
		{A48F7DFF-B30A-4B19-9686-030511D85732}.Debug|x86.ActiveCfg = Debug|Win32
		{A48F7DFF-B30A-4B19-9686-030511D85732}.Debug|x86.Build.0 = Debug|Win32
		{A48F7DFF-B30A-4B19-9686-030511D85732}.Release|x64.ActiveCfg = Release|x64
		{A48F7DFF-B30A-4B19-9686-030511D85732}.Release|x64.Build.0 = Release|x64
		{A48F7DFF-B30A-4B19-9686-030511D85732}.Release|x86.ActiveCfg = Release|Win32
		{A48F7DFF-B30A-4B19-9686-030511D85732}.Release|x86.Build.0 = Release|Win32
		{BEA48F3D-8275-4BD2-8918-E5942D9E29C8}.Debug|x64.ActiveCfg = Debug|x64
		{BEA48F3D-8275-4BD2-8918-E5942D9E29C8}.Debug|x64.Build.0 = Debug|x64
		{BEA48F3D-8275-4BD2-8918-E5942D9E29C8}.Debug|x86.ActiveCfg = Debug|Win32
		{BEA48F3D-8275-4BD2-8918-E5942D9E29C8}.Debug|x86.Build.0 = Debug|Win32
		{BEA48F3D-8275-4BD2-8918-E5942D9E29C8}.Release|x64.ActiveCfg = Release|x64
		{BEA48F3D-8275-4BD2-8918-E5942D9E29C8}.Release|x64.Build.0 = Release|x64
		{BEA48F3D-8275-4BD2-8918-E5942D9E29C8}.Release|x86.ActiveCfg = Release|Win32
		{BEA48F3D-8275-4BD2-8918-E5942D9E29C8}.Release|x86.Build.0 = Release|Win32
		{27694C70-E441-4973-A416-C3F5519AD6FE}.Debug|x64.ActiveCfg = Debug|x64
		{27694C70-E441-4973-A416-C3F5519AD6FE}.Debug|x64.Build.0 = Debug|x64
		{27694C70-E441-4973-A416-C3F5519AD6FE}.Debug|x86.ActiveCfg = Debug|Win32
		{27694C70-E441-4973-A416-C3F5519AD6FE}.Debug|x86.Build.0 = Debug|Win32
		{27694C70-E441-4973-A416-C3F5519AD6FE}.Release|x64.ActiveCfg = Release|x64
		{27694C70-E441-4973-A416-C3F5519AD6FE}.Release|x64.Build.0 = Release|x64
		{27694C70-E441-4973-A416-C3F5519AD6FE}.Release|x86.ActiveCfg = Release|Win32
		{27694C70-E441-4973-A416-C3F5519AD6FE}.Release|x86.Build.0 = Release|Win32
		{504A2E3A-817B-4AA1-B1C6-A0E4331CC85F}.Debug|x64.ActiveCfg = Debug|x64
		{504A2E3A-817B-4AA1-B1C6-A0E4331CC85F}.Debug|x64.Build.0 = Debug|x64
		{504A2E3A-817B-4AA1-B1C6-A0E4331CC85F}.Debug|x86.ActiveCfg = Debug|Win32
		{504A2E3A-817B-4AA1-B1C6-A0E4331CC85F}.Debug|x86.Build.0 = Debug|Win32
		{504A2E3A-817B-4AA1-B1C6-A0E4331CC85F}.Release|x64.ActiveCfg = Release|x64
		{504A2E3A-817B-4AA1-B1C6-A0E4331CC85F}.Release|x64.Build.0 = Release|x64
		{504A2E3A-817B-4AA1-B1C6-A0E4331CC85F}.Release|x86.ActiveCfg = Release|Win32
		{504A2E3A-817B-4AA1-B1C6-A0E4331CC85F}.Release|x86.Build.0 = Release|Win32
		{289EBF9F-9458-4DA6-8AD8-A9F9DC92DE72}.Debug|x64.ActiveCfg = Debug|x64
		{289EBF9F-9458-4DA6-8AD8-A9F9DC92DE72}.Debug|x64.Build.0 = Debug|x64
		{289EBF9F-9458-4DA6-8AD8-A9F9DC92DE72}.Debug|x86.ActiveCfg = Debug|Win32
		{289EBF9F-9458-4DA6-8AD8-A9F9DC92DE72}.Debug|x86.Build.0 = Debug|Win32
		{289EBF9F-9458-4DA6-8AD8-A9F9DC92DE72}.Release|x64.ActiveCfg = Release|x64
		{289EBF9F-9458-4DA6-8AD8-A9F9DC92DE72}.Release|x64.Build.0 = Release|x64
		{289EBF9F-9458-4DA6-8AD8-A9F9DC92DE72}.Release|x86.ActiveCfg = Release|Win32
		{289EBF9F-9458-4DA6-8AD8-A9F9DC92DE72}.Release|x86.Build.0 = Release|Win32
		{A8E8B1F2-622F-4588-B290-BF42DF4442E0}.Debug|x64.ActiveCfg = Debug|x64
		{A8E8B1F2-622F-4588-B290-BF42DF4442E0}.Debug|x64.Build.0 = Debug|x64
		{A8E8B1F2-622F-4588-B290-BF42DF4442E0}.Debug|x86.ActiveCfg = Debug|Win32
		{A8E8B1F2-622F-4588-B290-BF42DF4442E0}.Debug|x86.Build.0 = Debug|Win32
		{A8E8B1F2-622F-4588-B290-BF42DF4442E0}.Release|x64.ActiveCfg = Release|x64
		{A8E8B1F2-622F-4588-B290-BF42DF4442E0}.Release|x64.Build.0 = Release|x64
		{A8E8B1F2-622F-4588-B290-BF42DF4442E0}.Release|x86.ActiveCfg = Release|Win32
		{A8E8B1F2-622F-4588-B290-BF42DF4442E0}.Release|x86.Build.0 = Release|Win32
		{C0D16A8C-C832-4BED-AC55-10B781567DB4}.Debug|x64.ActiveCfg = Debug|x64
		{C0D16A8C-C832-4BED-AC55-10B781567DB4}.Debug|x64.Build.0 = Debug|x64
		{C0D16A8C-C832-4BED-AC55-10B781567DB4}.Debug|x86.ActiveCfg = Debug|Win32
		{C0D16A8C-C832-4BED-AC55-10B781567DB4}.Debug|x86.Build.0 = Debug|Win32
		{C0D16A8C-C832-4BED-AC55-10B781567DB4}.Release|x64.ActiveCfg = Release|x64
		{C0D16A8C-C832-4BED-AC55-10B781567DB4}.Release|x64.Build.0 = Release|x64
		{C0D16A8C-C832-4BED-AC55-10B781567DB4}.Release|x86.ActiveCfg = Release|Win32
		{C0D16A8C-C832-4BED-AC55-10B781567DB4}.Release|x86.Build.0 = Release|Win32
		{12F89E93-4B5C-40B0-B123-44143781C316}.Debug|x64.ActiveCfg = Debug|x64
		{12F89E93-4B5C-40B0-B123-44143781C316}.Debug|x64.Build.0 = Debug|x64
		{12F89E93-4B5C-40B0-B123-44143781C316}.Debug|x86.ActiveCfg = Debug|Win32
		{12F89E93-4B5C-40B0-B123-44143781C316}.Debug|x86.Build.0 = Debug|Win32
		{12F89E93-4B5C-40B0-B123-44143781C316}.Release|x64.ActiveCfg = Release|x64
		{12F89E93-4B5C-40B0-B123-44143781C316}.Release|x64.Build.0 = Release|x64
		{12F89E93-4B5C-40B0-B123-44143781C316}.Release|x86.ActiveCfg = Release|Win32
		{12F89E93-4B5C-40B0-B123-44143781C316}.Release|x86.Build.0 = Release|Win32
		{3935750A-B108-47E9-92FF-7B530F055DF4}.Debug|x64.ActiveCfg = Debug|x64
		{3935750A-B108-47E9-92FF-7B530F055DF4}.Debug|x64.Build.0 = Debug|x64
		{3935750A-B108-47E9-92FF-7B530F055DF4}.Debug|x86.ActiveCfg = Debug|Win32
		{3935750A-B108-47E9-92FF-7B530F055DF4}.Debug|x86.Build.0 = Debug|Win32
		{3935750A-B108-47E9-92FF-7B530F055DF4}.Release|x64.ActiveCfg = Release|x64
		{3935750A-B108-47E9-92FF-7B530F055DF4}.Release|x64.Build.0 = Release|x64
		{3935750A-B108-47E9-92FF-7B530F055DF4}.Release|x86.ActiveCfg = Release|Win32
		{3935750A-B108-47E9-92FF-7B530F055DF4}.Release|x86.Build.0 = Release|Win32
		{61FBB308-F9B2-4442-99FF-44D546D99824}.Debug|x64.ActiveCfg = Debug|x64
		{61FBB308-F9B2-4442-99FF-44D546D99824}.Debug|x64.Build.0 = Debug|x64
		{61FBB308-F9B2-4442-99FF-44D546D99824}.Debug|x86.ActiveCfg = Debug|Win32
		{61FBB308-F9B2-4442-99FF-44D546D99824}.Debug|x86.Build.0 = Debug|Win32
		{61FBB308-F9B2-4442-99FF-44D546D99824}.Release|x64.ActiveCfg = Release|x64
		{61FBB308-F9B2-4442-99FF-44D546D99824}.Release|x64.Build.0 = Release|x64
		{61FBB308-F9B2-4442-99FF-44D546D99824}.Release|x86.ActiveCfg = Release|Win32
		{61FBB308-F9B2-4442-99FF-44D546D99824}.Release|x86.Build.0 = Release|Win32
		{908C8833-991C-4967-8D47-839934822790}.Debug|x64.ActiveCfg = Debug|x64
		{908C8833-991C-4967-8D47-839934822790}.Debug|x64.Build.0 = Debug|x64
		{908C8833-991C-4967-8D47-839934822790}.Debug|x86.ActiveCfg = Debug|Win32
		{908C8833-991C-4967-8D47-839934822790}.Debug|x86.Build.0 = Debug|Win32
		{908C8833-991C-4967-8D47-839934822790}.Release|x64.ActiveCfg = Release|x64
		{908C8833-991C-4967-8D47-839934822790}.Release|x64.Build.0 = Release|x64
		{908C8833-991C-4967-8D47-839934822790}.Release|x86.ActiveCfg = Release|Win32
		{908C8833-991C-4967-8D47-839934822790}.Release|x86.Build.0 = Release|Win32
		{3D4A482C-B914-45FC-A82D-D49217D0FE95}.Debug|x64.ActiveCfg = Debug|x64
		{3D4A482C-B914-45FC-A82D-D49217D0FE95}.Debug|x64.Build.0 = Debug|x64
		{3D4A482C-B914-45FC-A82D-D49217D0FE95}.Debug|x86.ActiveCfg = Debug|Win32
		{3D4A482C-B914-45FC-A82D-D49217D0FE95}.Debug|x86.Build.0 = Debug|Win32
		{3D4A482C-B914-45FC-A82D-D49217D0FE95}.Release|x64.ActiveCfg = Release|x64
		{3D4A482C-B914-45FC-A82D-D49217D0FE95}.Release|x64.Build.0 = Release|x64
		{3D4A482C-B914-45FC-A82D-D49217D0FE95}.Release|x86.ActiveCfg = Release|Win32
		{3D4A482C-B914-45FC-A82D-D49217D0FE95}.Release|x86.Build.0 = Release|Win32
		{557183A9-D6F0-4557-BBA2-829E18DEBB2C}.Debug|x64.ActiveCfg = Debug|x64
		{557183A9-D6F0-4557-BBA2-829E18DEBB2C}.Debug|x64.Build.0 = Debug|x64
		{557183A9-D6F0-4557-BBA2-829E18DEBB2C}.Debug|x86.ActiveCfg = Debug|Win32
		{557183A9-D6F0-4557-BBA2-829E18DEBB2C}.Debug|x86.Build.0 = Debug|Win32
		{557183A9-D6F0-4557-BBA2-829E18DEBB2C}.Release|x64.ActiveCfg = Release|x64
		{557183A9-D6F0-4557-BBA2-829E18DEBB2C}.Release|x64.Build.0 = Release|x64
		{557183A9-D6F0-4557-BBA2-829E18DEBB2C}.Release|x86.ActiveCfg = Release|Win32
		{557183A9-D6F0-4557-BBA2-829E18DEBB2C}.Release|x86.Build.0 = Release|Win32
		{EB715850-284B-46BC-ACD1-19AB00C917F3}.Debug|x64.ActiveCfg = Debug|x64
		{EB715850-284B-46BC-ACD1-19AB00C917F3}.Debug|x64.Build.0 = Debug|x64
		{EB715850-284B-46BC-ACD1-19AB00C917F3}.Debug|x86.ActiveCfg = Debug|Win32
		{EB715850-284B-46BC-ACD1-19AB00C917F3}.Debug|x86.Build.0 = Debug|Win32
		{EB715850-284B-46BC-ACD1-19AB00C917F3}.Release|x64.ActiveCfg = Release|x64
		{EB715850-284B-46BC-ACD1-19AB00C917F3}.Release|x64.Build.0 = Release|x64
		{EB715850-284B-46BC-ACD1-19AB00C917F3}.Release|x86.ActiveCfg = Release|Win32
		{EB715850-284B-46BC-ACD1-19AB00C917F3}.Release|x86.Build.0 = Release|Win32
		{FEBB4033-4A81-4AAB-8C9C-B4F4DCD6FF9A}.Debug|x64.ActiveCfg = Debug|x64
		{FEBB4033-4A81-4AAB-8C9C-B4F4DCD6FF9A}.Debug|x64.Build.0 = Debug|x64
		{FEBB4033-4A81-4AAB-8C9C-B4F4DCD6FF9A}.Debug|x86.ActiveCfg = Debug|Win32
		{FEBB4033-4A81-4AAB-8C9C-B4F4DCD6FF9A}.Debug|x86.Build.0 = Debug|Win32
		{FEBB4033-4A81-4AAB-8C9C-B4F4DCD6FF9A}.Release|x64.ActiveCfg = Release|x64
		{FEBB4033-4A81-4AAB-8C9C-B4F4DCD6FF9A}.Release|x64.Build.0 = Release|x64
		{FEBB4033-4A81-4AAB-8C9C-B4F4DCD6FF9A}.Release|x86.ActiveCfg = Release|Win32
		{FEBB4033-4A81-4AAB-8C9C-B4F4DCD6FF9A}.Release|x86.Build.0 = Release|Win32
		{B19C1016-7F48-4868-8616-67A6A6D683DE}.Debug|x64.ActiveCfg = Debug|x64
		{B19C1016-7F48-4868-8616-67A6A6D683DE}.Debug|x64.Build.0 = Debug|x64
		{B19C1016-7F48-4868-8616-67A6A6D683DE}.Debug|x86.ActiveCfg = Debug|Win32
		{B19C1016-7F48-4868-8616-67A6A6D683DE}.Debug|x86.Build.0 = Debug|Win32
		{B19C1016-7F48-4868-8616-67A6A6D683DE}.Release|x64.ActiveCfg = Release|x64
		{B19C1016-7F48-4868-8616-67A6A6D683DE}.Release|x64.Build.0 = Release|x64
		{B19C1016-7F48-4868-8616-67A6A6D683DE}.Release|x86.ActiveCfg = Release|Win32
		{B19C1016-7F48-4868-8616-67A6A6D683DE}.Release|x86.Build.0 = Release|Win32
		{20CD8C9C-25DF-4355-B08A-006DD6B3AF1F}.Debug|x64.ActiveCfg = Debug|x64
		{20CD8C9C-25DF-4355-B08A-006DD6B3AF1F}.Debug|x64.Build.0 = Debug|x64
		{20CD8C9C-25DF-4355-B08A-006DD6B3AF1F}.Debug|x86.ActiveCfg = Debug|Win32
		{20CD8C9C-25DF-4355-B08A-006DD6B3AF1F}.Debug|x86.Build.0 = Debug|Win32
		{20CD8C9C-25DF-4355-B08A-006DD6B3AF1F}.Release|x64.ActiveCfg = Release|x64
		{20CD8C9C-25DF-4355-B08A-006DD6B3AF1F}.Release|x64.Build.0 = Release|x64
		{20CD8C9C-25DF-4355-B08A-006DD6B3AF1F}.Release|x86.ActiveCfg = Release|Win32
		{20CD8C9C-25DF-4355-B08A-006DD6B3AF1F}.Release|x86.Build.0 = Release|Win32
		{F7105A1C-F465-497D-8F78-D588A7E2276F}.Debug|x64.ActiveCfg = Debug|x64
		{F7105A1C-F465-497D-8F78-D588A7E2276F}.Debug|x64.Build.0 = Debug|x64
		{F7105A1C-F465-497D-8F78-D588A7E2276F}.Debug|x86.ActiveCfg = Debug|Win32
		{F7105A1C-F465-497D-8F78-D588A7E2276F}.Debug|x86.Build.0 = Debug|Win32
		{F7105A1C-F465-497D-8F78-D588A7E2276F}.Release|x64.ActiveCfg = Release|x64
		{F7105A1C-F465-497D-8F78-D588A7E2276F}.Release|x64.Build.0 = Release|x64
		{F7105A1C-F465-497D-8F78-D588A7E2276F}.Release|x86.ActiveCfg = Release|Win32
		{F7105A1C-F465-497D-8F78-D588A7E2276F}.Release|x86.Build.0 = Release|Win32
		{CBB1DED9-56E1-4CEA-A81B-967827ACFD4A}.Debug|x64.ActiveCfg = Debug|x64
		{CBB1DED9-56E1-4CEA-A81B-967827ACFD4A}.Debug|x64.Build.0 = Debug|x64
		{CBB1DED9-56E1-4CEA-A81B-967827ACFD4A}.Debug|x86.ActiveCfg = Debug|Win32
		{CBB1DED9-56E1-4CEA-A81B-967827ACFD4A}.Debug|x86.Build.0 = Debug|Win32
		{CBB1DED9-56E1-4CEA-A81B-967827ACFD4A}.Release|x64.ActiveCfg = Release|x64
		{CBB1DED9-56E1-4CEA-A81B-967827ACFD4A}.Release|x64.Build.0 = Release|x64
		{CBB1DED9-56E1-4CEA-A81B-967827ACFD4A}.Release|x86.ActiveCfg = Release|Win32
		{CBB1DED9-56E1-4CEA-A81B-967827ACFD4A}.Release|x86.Build.0 = Release|Win32
		{10A0EC6B-6CDE-492A-A44E-70040DF8EA0C}.Debug|x64.ActiveCfg = Debug|x64
		{10A0EC6B-6CDE-492A-A44E-70040DF8EA0C}.Debug|x64.Build.0 = Debug|x64
		{10A0EC6B-6CDE-492A-A44E-70040DF8EA0C}.Debug|x86.ActiveCfg = Debug|Win32
		{10A0EC6B-6CDE-492A-A44E-70040DF8EA0C}.Debug|x86.Build.0 = Debug|Win32
		{10A0EC6B-6CDE-492A-A44E-70040DF8EA0C}.Release|x64.ActiveCfg = Release|x64
		{10A0EC6B-6CDE-492A-A44E-70040DF8EA0C}.Release|x64.Build.0 = Release|x64
		{10A0EC6B-6CDE-492A-A44E-70040DF8EA0C}.Release|x86.ActiveCfg = Release|Win32
		{10A0EC6B-6CDE-492A-A44E-70040DF8EA0C}.Release|x86.Build.0 = Release|Win32
		{D745058F-BF93-4D7C-96AD-8D21BA437910}.Debug|x64.ActiveCfg = Debug|x64
		{D745058F-BF93-4D7C-96AD-8D21BA437910}.Debug|x64.Build.0 = Debug|x64
		{D745058F-BF93-4D7C-96AD-8D21BA437910}.Debug|x86.ActiveCfg = Debug|Win32
		{D745058F-BF93-4D7C-96AD-8D21BA437910}.Debug|x86.Build.0 = Debug|Win32
		{D745058F-BF93-4D7C-96AD-8D21BA437910}.Release|x64.ActiveCfg = Release|x64
		{D745058F-BF93-4D7C-96AD-8D21BA437910}.Release|x64.Build.0 = Release|x64
		{D745058F-BF93-4D7C-96AD-8D21BA437910}.Release|x86.ActiveCfg = Release|Win32
		{D745058F-BF93-4D7C-96AD-8D21BA437910}.Release|x86.Build.0 = Release|Win32
		{5C765BB8-C3E6-460F-8491-3CCA65727CF0}.Debug|x64.ActiveCfg = Debug|x64
		{5C765BB8-C3E6-460F-8491-3CCA65727CF0}.Debug|x64.Build.0 = Debug|x64
		{5C765BB8-C3E6-460F-8491-3CCA65727CF0}.Debug|x86.ActiveCfg = Debug|Win32
		{5C765BB8-C3E6-460F-8491-3CCA65727CF0}.Debug|x86.Build.0 = Debug|Win32
		{5C765BB8-C3E6-460F-8491-3CCA65727CF0}.Release|x64.ActiveCfg = Release|x64
		{5C765BB8-C3E6-460F-8491-3CCA65727CF0}.Release|x64.Build.0 = Release|x64
		{5C765BB8-C3E6-460F-8491-3CCA65727CF0}.Release|x86.ActiveCfg = Release|Win32
		{5C765BB8-C3E6-460F-8491-3CCA65727CF0}.Release|x86.Build.0 = Release|Win32
		{53670F1A-39D7-45F3-8B88-A922E54B7A48}.Debug|x64.ActiveCfg = Debug|x64
		{53670F1A-39D7-45F3-8B88-A922E54B7A48}.Debug|x64.Build.0 = Debug|x64
		{53670F1A-39D7-45F3-8B88-A922E54B7A48}.Debug|x86.ActiveCfg = Debug|Win32
		{53670F1A-39D7-45F3-8B88-A922E54B7A48}.Debug|x86.Build.0 = Debug|Win32
		{53670F1A-39D7-45F3-8B88-A922E54B7A48}.Release|x64.ActiveCfg = Release|x64
		{53670F1A-39D7-45F3-8B88-A922E54B7A48}.Release|x64.Build.0 = Release|x64
		{53670F1A-39D7-45F3-8B88-A922E54B7A48}.Release|x86.ActiveCfg = Release|Win32
		{53670F1A-39D7-45F3-8B88-A922E54B7A48}.Release|x86.Build.0 = Release|Win32
		{7A4788F9-A9E9-42C5-AD95-3B60A3F6F1D4}.Debug|x64.ActiveCfg = Debug|x64
		{7A4788F9-A9E9-42C5-AD95-3B60A3F6F1D4}.Debug|x64.Build.0 = Debug|x64
		{7A4788F9-A9E9-42C5-AD95-3B60A3F6F1D4}.Debug|x86.ActiveCfg = Debug|Win32
		{7A4788F9-A9E9-42C5-AD95-3B60A3F6F1D4}.Debug|x86.Build.0 = Debug|Win32
		{7A4788F9-A9E9-42C5-AD95-3B60A3F6F1D4}.Release|x64.ActiveCfg = Release|x64
		{7A4788F9-A9E9-42C5-AD95-3B60A3F6F1D4}.Release|x64.Build.0 = Release|x64
		{7A4788F9-A9E9-42C5-AD95-3B60A3F6F1D4}.Release|x86.ActiveCfg = Release|Win32
		{7A4788F9-A9E9-42C5-AD95-3B60A3F6F1D4}.Release|x86.Build.0 = Release|Win32
		{CF3246B7-00B9-49D9-86E2-B5998DBBA8A9}.Debug|x64.ActiveCfg = Debug|x64
		{CF3246B7-00B9-49D9-86E2-B5998DBBA8A9}.Debug|x64.Build.0 = Debug|x64
		{CF3246B7-00B9-49D9-86E2-B5998DBBA8A9}.Debug|x86.ActiveCfg = Debug|Win32
		{CF3246B7-00B9-49D9-86E2-B5998DBBA8A9}.Debug|x86.Build.0 = Debug|Win32
		{CF3246B7-00B9-49D9-86E2-B5998DBBA8A9}.Release|x64.ActiveCfg = Release|x64
		{CF3246B7-00B9-49D9-86E2-B5998DBBA8A9}.Release|x64.Build.0 = Release|x64
		{CF3246B7-00B9-49D9-86E2-B5998DBBA8A9}.Release|x86.ActiveCfg = Release|Win32
		{CF3246B7-00B9-49D9-86E2-B5998DBBA8A9}.Release|x86.Build.0 = Release|Win32
		{CCF68FB9-6DFB-4043-A51B-067BE140E741}.Debug|x64.ActiveCfg = Debug|x64
		{CCF68FB9-6DFB-4043-A51B-067BE140E741}.Debug|x64.Build.0 = Debug|x64
		{CCF68FB9-6DFB-4043-A51B-067BE140E741}.Debug|x86.ActiveCfg = Debug|Win32
		{CCF68FB9-6DFB-4043-A51B-067BE140E741}.Debug|x86.Build.0 = Debug|Win32
		{CCF68FB9-6DFB-4043-A51B-067BE140E741}.Release|x64.ActiveCfg = Release|x64
		{CCF68FB9-6DFB-4043-A51B-067BE140E741}.Release|x64.Build.0 = Release|x64
		{CCF68FB9-6DFB-4043-A51B-067BE140E741}.Release|x86.ActiveCfg = Release|Win32
		{CCF68FB9-6DFB-4043-A51B-067BE140E741}.Release|x86.Build.0 = Release|Win32
		{813E89A1-FB20-4A97-9F62-BD2594C95990}.Debug|x64.ActiveCfg = Debug|x64
		{813E89A1-FB20-4A97-9F62-BD2594C95990}.Debug|x64.Build.0 = Debug|x64
		{813E89A1-FB20-4A97-9F62-BD2594C95990}.Debug|x86.ActiveCfg = Debug|Win32
		{813E89A1-FB20-4A97-9F62-BD2594C95990}.Debug|x86.Build.0 = Debug|Win32
		{813E89A1-FB20-4A97-9F62-BD2594C95990}.Release|x64.ActiveCfg = Release|x64
		{813E89A1-FB20-4A97-9F62-BD2594C95990}.Release|x64.Build.0 = Release|x64
		{813E89A1-FB20-4A97-9F62-BD2594C95990}.Release|x86.ActiveCfg = Release|Win32
		{813E89A1-FB20-4A97-9F62-BD2594C95990}.Release|x86.Build.0 = Release|Win32
		{24B65235-9858-4BDF-9F03-42F258562AAB}.Debug|x64.ActiveCfg = Debug|x64
		{24B65235-9858-4BDF-9F03-42F258562AAB}.Debug|x64.Build.0 = Debug|x64
		{24B65235-9858-4BDF-9F03-42F258562AAB}.Debug|x86.ActiveCfg = Debug|Win32
		{24B65235-9858-4BDF-9F03-42F258562AAB}.Debug|x86.Build.0 = Debug|Win32
		{24B65235-9858-4BDF-9F03-42F258562AAB}.Release|x64.ActiveCfg = Release|x64
		{24B65235-9858-4BDF-9F03-42F258562AAB}.Release|x64.Build.0 = Release|x64
		{24B65235-9858-4BDF-9F03-42F258562AAB}.Release|x86.ActiveCfg = Release|Win32
		{24B65235-9858-4BDF-9F03-42F258562AAB}.Release|x86.Build.0 = Release|Win32
		{D70FA04D-79A5-4FE7-86B4-DCE7846D8802}.Debug|x64.ActiveCfg = Debug|x64
		{D70FA04D-79A5-4FE7-86B4-DCE7846D8802}.Debug|x64.Build.0 = Debug|x64
		{D70FA04D-79A5-4FE7-86B4-DCE7846D8802}.Debug|x86.ActiveCfg = Debug|Win32
		{D70FA04D-79A5-4FE7-86B4-DCE7846D8802}.Debug|x86.Build.0 = Debug|Win32
		{D70FA04D-79A5-4FE7-86B4-DCE7846D8802}.Release|x64.ActiveCfg = Release|x64
		{D70FA04D-79A5-4FE7-86B4-DCE7846D8802}.Release|x64.Build.0 = Release|x64
		{D70FA04D-79A5-4FE7-86B4-DCE7846D8802}.Release|x86.ActiveCfg = Release|Win32
		{D70FA04D-79A5-4FE7-86B4-DCE7846D8802}.Release|x86.Build.0 = Release|Win32
		{811A3726-198B-433E-8759-0B4337F79962}.Debug|x64.ActiveCfg = Debug|x64
		{811A3726-198B-433E-8759-0B4337F79962}.Debug|x64.Build.0 = Debug|x64
		{811A3726-198B-433E-8759-0B4337F79962}.Debug|x86.ActiveCfg = Debug|Win32
		{811A3726-198B-433E-8759-0B4337F79962}.Debug|x86.Build.0 = Debug|Win32
		{811A3726-198B-433E-8759-0B4337F79962}.Release|x64.ActiveCfg = Release|x64
		{811A3726-198B-433E-8759-0B4337F79962}.Release|x64.Build.0 = Release|x64
		{811A3726-198B-433E-8759-0B4337F79962}.Release|x86.ActiveCfg = Release|Win32
		{811A3726-198B-433E-8759-0B4337F79962}.Release|x86.Build.0 = Release|Win32
		{4FA563B9-2D37-4E84-9A76-6BC0363D7D87}.Debug|x64.ActiveCfg = Debug|x64
		{4FA563B9-2D37-4E84-9A76-6BC0363D7D87}.Debug|x64.Build.0 = Debug|x64
		{4FA563B9-2D37-4E84-9A76-6BC0363D7D87}.Debug|x86.ActiveCfg = Debug|Win32
		{4FA563B9-2D37-4E84-9A76-6BC0363D7D87}.Debug|x86.Build.0 = Debug|Win32
		{4FA563B9-2D37-4E84-9A76-6BC0363D7D87}.Release|x64.ActiveCfg = Release|x64
		{4FA563B9-2D37-4E84-9A76-6BC0363D7D87}.Release|x64.Build.0 = Release|x64
		{4FA563B9-2D37-4E84-9A76-6BC0363D7D87}.Release|x86.ActiveCfg = Release|Win32
		{4FA563B9-2D37-4E84-9A76-6BC0363D7D87}.Release|x86.Build.0 = Release|Win32
		{C29677D4-84E2-406F-97F9-0BA2A5E3C255}.Debug|x64.ActiveCfg = Debug|x64
		{C29677D4-84E2-406F-97F9-0BA2A5E3C255}.Debug|x64.Build.0 = Debug|x64
		{C29677D4-84E2-406F-97F9-0BA2A5E3C255}.Debug|x86.ActiveCfg = Debug|Win32
		{C29677D4-84E2-406F-97F9-0BA2A5E3C255}.Debug|x86.Build.0 = Debug|Win32
		{C29677D4-84E2-406F-97F9-0BA2A5E3C255}.Release|x64.ActiveCfg = Release|x64
		{C29677D4-84E2-406F-97F9-0BA2A5E3C255}.Release|x64.Build.0 = Release|x64
		{C29677D4-84E2-406F-97F9-0BA2A5E3C255}.Release|x86.ActiveCfg = Release|Win32
		{C29677D4-84E2-406F-97F9-0BA2A5E3C255}.Release|x86.Build.0 = Release|Win32
		{F825D5DD-346B-4978-A15A-145FF594A7EB}.Debug|x64.ActiveCfg = Debug|x64
		{F825D5DD-346B-4978-A15A-145FF594A7EB}.Debug|x64.Build.0 = Debug|x64
		{F825D5DD-346B-4978-A15A-145FF594A7EB}.Debug|x86.ActiveCfg = Debug|Win32
		{F825D5DD-346B-4978-A15A-145FF594A7EB}.Debug|x86.Build.0 = Debug|Win32
		{F825D5DD-346B-4978-A15A-145FF594A7EB}.Release|x64.ActiveCfg = Release|x64
		{F825D5DD-346B-4978-A15A-145FF594A7EB}.Release|x64.Build.0 = Release|x64
		{F825D5DD-346B-4978-A15A-145FF594A7EB}.Release|x86.ActiveCfg = Release|Win32
		{F825D5DD-346B-4978-A15A-145FF594A7EB}.Release|x86.Build.0 = Release|Win32
		{A4B7AAB7-E31A-4054-B1BB-7FEF5943DEFC}.Debug|x64.ActiveCfg = Debug|x64
		{A4B7AAB7-E31A-4054-B1BB-7FEF5943DEFC}.Debug|x64.Build.0 = Debug|x64
		{A4B7AAB7-E31A-4054-B1BB-7FEF5943DEFC}.Debug|x86.ActiveCfg = Debug|Win32
		{A4B7AAB7-E31A-4054-B1BB-7FEF5943DEFC}.Debug|x86.Build.0 = Debug|Win32
		{A4B7AAB7-E31A-4054-B1BB-7FEF5943DEFC}.Release|x64.ActiveCfg = Release|x64
		{A4B7AAB7-E31A-4054-B1BB-7FEF5943DEFC}.Release|x64.Build.0 = Release|x64
		{A4B7AAB7-E31A-4054-B1BB-7FEF5943DEFC}.Release|x86.ActiveCfg = Release|Win32
		{A4B7AAB7-E31A-4054-B1BB-7FEF5943DEFC}.Release|x86.Build.0 = Release|Win32
		{36C048D4-EB08-4D35-8B6C-2830EBB2358E}.Debug|x64.ActiveCfg = Debug|x64
		{36C048D4-EB08-4D35-8B6C-2830EBB2358E}.Debug|x64.Build.0 = Debug|x64
		{36C048D4-EB08-4D35-8B6C-2830EBB2358E}.Debug|x86.ActiveCfg = Debug|Win32
		{36C048D4-EB08-4D35-8B6C-2830EBB2358E}.Debug|x86.Build.0 = Debug|Win32
		{36C048D4-EB08-4D35-8B6C-2830EBB2358E}.Release|x64.ActiveCfg = Release|x64
		{36C048D4-EB08-4D35-8B6C-2830EBB2358E}.Release|x64.Build.0 = Release|x64
		{36C048D4-EB08-4D35-8B6C-2830EBB2358E}.Release|x86.ActiveCfg = Release|Win32
		{36C048D4-EB08-4D35-8B6C-2830EBB2358E}.Release|x86.Build.0 = Release|Win32
		{4E7A479F-A046-4A76-A3E5-630F0A75AE4A}.Debug|x64.ActiveCfg = Debug|x64
		{4E7A479F-A046-4A76-A3E5-630F0A75AE4A}.Debug|x64.Build.0 = Debug|x64
		{4E7A479F-A046-4A76-A3E5-630F0A75AE4A}.Debug|x86.ActiveCfg = Debug|Win32
		{4E7A479F-A046-4A76-A3E5-630F0A75AE4A}.Debug|x86.Build.0 = Debug|Win32
		{4E7A479F-A046-4A76-A3E5-630F0A75AE4A}.Release|x64.ActiveCfg = Release|x64
		{4E7A479F-A046-4A76-A3E5-630F0A75AE4A}.Release|x64.Build.0 = Release|x64
		{4E7A479F-A046-4A76-A3E5-630F0A75AE4A}.Release|x86.ActiveCfg = Release|Win32
		{4E7A479F-A046-4A76-A3E5-630F0A75AE4A}.Release|x86.Build.0 = Release|Win32
		{9A1F008B-5BD9-44C9-86E4-59405AFBA07B}.Debug|x64.ActiveCfg = Debug|x64
		{9A1F008B-5BD9-44C9-86E4-59405AFBA07B}.Debug|x64.Build.0 = Debug|x64
		{9A1F008B-5BD9-44C9-86E4-59405AFBA07B}.Debug|x86.ActiveCfg = Debug|Win32
		{9A1F008B-5BD9-44C9-86E4-59405AFBA07B}.Debug|x86.Build.0 = Debug|Win32
		{9A1F008B-5BD9-44C9-86E4-59405AFBA07B}.Release|x64.ActiveCfg = Release|x64
		{9A1F008B-5BD9-44C9-86E4-59405AFBA07B}.Release|x64.Build.0 = Release|x64
		{9A1F008B-5BD9-44C9-86E4-59405AFBA07B}.Release|x86.ActiveCfg = Release|Win32
		{9A1F008B-5BD9-44C9-86E4-59405AFBA07B}.Release|x86.Build.0 = Release|Win32
		{D5C03EBB-D4EB-4EFE-88F3-FB81A87260B5}.Debug|x64.ActiveCfg = Debug|x64
		{D5C03EBB-D4EB-4EFE-88F3-FB81A87260B5}.Debug|x64.Build.0 = Debug|x64
		{D5C03EBB-D4EB-4EFE-88F3-FB81A87260B5}.Debug|x86.ActiveCfg = Debug|Win32
		{D5C03EBB-D4EB-4EFE-88F3-FB81A87260B5}.Debug|x86.Build.0 = Debug|Win32
		{D5C03EBB-D4EB-4EFE-88F3-FB81A87260B5}.Release|x64.ActiveCfg = Release|x64
		{D5C03EBB-D4EB-4EFE-88F3-FB81A87260B5}.Release|x64.Build.0 = Release|x64
		{D5C03EBB-D4EB-4EFE-88F3-FB81A87260B5}.Release|x86.ActiveCfg = Release|Win32
		{D5C03EBB-D4EB-4EFE-88F3-FB81A87260B5}.Release|x86.Build.0 = Release|Win32
		{65197390-0A90-452B-B0BC-88C532F367DB}.Debug|x64.ActiveCfg = Debug|x64
		{65197390-0A90-452B-B0BC-88C532F367DB}.Debug|x64.Build.0 = Debug|x64
		{65197390-0A90-452B-B0BC-88C532F367DB}.Debug|x86.ActiveCfg = Debug|Win32
		{65197390-0A90-452B-B0BC-88C532F367DB}.Debug|x86.Build.0 = Debug|Win32
		{65197390-0A90-452B-B0BC-88C532F367DB}.Release|x64.ActiveCfg = Release|x64
		{65197390-0A90-452B-B0BC-88C532F367DB}.Release|x64.Build.0 = Release|x64
		{65197390-0A90-452B-B0BC-88C532F367DB}.Release|x86.ActiveCfg = Release|Win32
		{65197390-0A90-452B-B0BC-88C532F367DB}.Release|x86.Build.0 = Release|Win32
		{BF4044A2-3208-4B5C-8213-DC876A3A12D6}.Debug|x64.ActiveCfg = Debug|x64
		{BF4044A2-3208-4B5C-8213-DC876A3A12D6}.Debug|x64.Build.0 = Debug|x64
		{BF4044A2-3208-4B5C-8213-DC876A3A12D6}.Debug|x86.ActiveCfg = Debug|Win32
		{BF4044A2-3208-4B5C-8213-DC876A3A12D6}.Debug|x86.Build.0 = Debug|Win32
		{BF4044A2-3208-4B5C-8213-DC876A3A12D6}.Release|x64.ActiveCfg = Release|x64
		{BF4044A2-3208-4B5C-8213-DC876A3A12D6}.Release|x64.Build.0 = Release|x64
		{BF4044A2-3208-4B5C-8213-DC876A3A12D6}.Release|x86.ActiveCfg = Release|Win32
		{BF4044A2-3208-4B5C-8213-DC876A3A12D6}.Release|x86.Build.0 = Release|Win32
	EndGlobalSection
	GlobalSection(SolutionProperties) = preSolution
		HideSolutionNode = FALSE
	EndGlobalSection
	GlobalSection(ExtensibilityGlobals) = postSolution
		SolutionGuid = {7165357F-9D49-4D57-B97C-AD4E647980EC}
	EndGlobalSection
EndGlobal
